
Microsoft Visual Studio Solution File, Format Version 12.00
# Visual Studio Version 17
VisualStudioVersion = 17.3.32929.385
MinimumVisualStudioVersion = 10.0.40219.1
Project("{9A19103F-16F7-4668-BE54-9A1E7A4F7556}") = "AoC_2021_19", "2021\AoC_2021_19\AoC_2021_19.csproj", "{A8F24AC2-71A9-4F81-A060-4CE72B44707E}"
EndProject
Project("{9A19103F-16F7-4668-BE54-9A1E7A4F7556}") = "AoC_2021_20", "2021\AoC_2021_20\AoC_2021_20.csproj", "{6A246131-9963-46B8-9B50-D0D313EFEADD}"
EndProject
Project("{9A19103F-16F7-4668-BE54-9A1E7A4F7556}") = "AoC_2021_08", "2021\AoC_2021_08\AoC_2021_08.csproj", "{6962F5A9-B81E-46A2-BE10-A5888E51D89E}"
EndProject
Project("{9A19103F-16F7-4668-BE54-9A1E7A4F7556}") = "AoC_2021_15", "2021\AoC_2021_15\AoC_2021_15.csproj", "{5BA2B58E-759B-4147-B3FC-1B6886941C4B}"
EndProject
Project("{2150E333-8FDC-42A3-9474-1A3956D46DE8}") = "2021", "2021", "{542A6237-723A-4C3D-89C4-05DD7E9A3377}"
EndProject
Project("{2150E333-8FDC-42A3-9474-1A3956D46DE8}") = "2015", "2015", "{10E8D8E6-E9E8-4CC4-864E-B75D6417EB01}"
EndProject
Project("{9A19103F-16F7-4668-BE54-9A1E7A4F7556}") = "AoC_2015_02", "2015\AoC_2015_02\AoC_2015_02.csproj", "{BC9F3137-976D-41DC-835D-8A7839076F57}"
EndProject
Project("{9A19103F-16F7-4668-BE54-9A1E7A4F7556}") = "AoC_2015_04", "2015\AoC_2015_04\AoC_2015_04.csproj", "{5EFE0471-D753-4901-BA61-8EEE6ADA6BE4}"
EndProject
Project("{9A19103F-16F7-4668-BE54-9A1E7A4F7556}") = "AoC_2015_01", "2015\AoC_2015_01\AoC_2015_01.csproj", "{AC5DF43C-D8F2-4C32-948F-182EF87086E8}"
EndProject
Project("{9A19103F-16F7-4668-BE54-9A1E7A4F7556}") = "AoC_2015_03", "2015\AoC_2015_03\AoC_2015_03.csproj", "{DD33E7FE-68D7-4E0C-831D-5E621A475054}"
EndProject
Project("{9A19103F-16F7-4668-BE54-9A1E7A4F7556}") = "AoC_2015_05", "2015\AoC_2015_05\AoC_2015_05.csproj", "{652267F8-C421-41F3-BA5D-6D42E878698C}"
EndProject
Project("{9A19103F-16F7-4668-BE54-9A1E7A4F7556}") = "AoC_2015_06", "2015\AoC_2015_06\AoC_2015_06.csproj", "{3E395796-EA0D-44B8-88CF-4050E2CE7DA3}"
EndProject
Project("{9A19103F-16F7-4668-BE54-9A1E7A4F7556}") = "AoC_2015_07", "2015\AoC_2015_07\AoC_2015_07.csproj", "{4F9577AF-E96F-4F31-BAF5-7C421E11CD28}"
EndProject
Project("{9A19103F-16F7-4668-BE54-9A1E7A4F7556}") = "AoC_2015_08", "2015\AoC_2015_08\AoC_2015_08.csproj", "{0497390C-F755-459D-893C-C909D57B399B}"
EndProject
Project("{9A19103F-16F7-4668-BE54-9A1E7A4F7556}") = "AoC_2015_09", "2015\AoC_2015_09\AoC_2015_09.csproj", "{5351F840-98CD-44AF-A6D5-299D380BBEF0}"
EndProject
Project("{9A19103F-16F7-4668-BE54-9A1E7A4F7556}") = "AoC_2015_10", "2015\AoC_2015_10\AoC_2015_10.csproj", "{6C7C17BC-E58A-4DA1-BE79-8E9F165A64F1}"
EndProject
Project("{9A19103F-16F7-4668-BE54-9A1E7A4F7556}") = "AoC_2015_11", "2015\AoC_2015_11\AoC_2015_11.csproj", "{C75C18D5-0288-4198-B7DE-E2DCBA08CCB7}"
EndProject
Project("{9A19103F-16F7-4668-BE54-9A1E7A4F7556}") = "AoC_2021_01", "2021\AoC_2021_01\AoC_2021_01.csproj", "{5FFFEE56-F34A-423E-BB4F-B9FDDCF1DFCA}"
EndProject
Project("{9A19103F-16F7-4668-BE54-9A1E7A4F7556}") = "AoC_2021_02", "2021\AoC_2021_02\AoC_2021_02.csproj", "{507DE269-FC05-4FDB-9ED7-AA98503A1018}"
EndProject
Project("{9A19103F-16F7-4668-BE54-9A1E7A4F7556}") = "AoC_2021_03", "2021\AoC_2021_03\AoC_2021_03.csproj", "{799A61E4-B965-4286-80CD-C742438D8210}"
EndProject
Project("{9A19103F-16F7-4668-BE54-9A1E7A4F7556}") = "AoC_2015_12", "2015\AoC_2015_12\AoC_2015_12.csproj", "{A05CF8C1-0EF4-41A4-8E4A-1DC2921016E8}"
EndProject
Project("{9A19103F-16F7-4668-BE54-9A1E7A4F7556}") = "AoC_2015_13", "2015\AoC_2015_13\AoC_2015_13.csproj", "{A351DBD0-C944-4521-8590-3467937D5C48}"
EndProject
Project("{9A19103F-16F7-4668-BE54-9A1E7A4F7556}") = "AoC_2015_14", "2015\AoC_2015_14\AoC_2015_14.csproj", "{97C82FD0-38A4-4CFB-B71D-90CF443DAD7F}"
EndProject
Project("{9A19103F-16F7-4668-BE54-9A1E7A4F7556}") = "AoC_2015_15", "2015\AoC_2015_15\AoC_2015_15.csproj", "{6867AC4B-0D84-499F-822A-EC1AB4933D7D}"
EndProject
Project("{9A19103F-16F7-4668-BE54-9A1E7A4F7556}") = "AoC_2015_16", "2015\AoC_2015_16\AoC_2015_16.csproj", "{F47304FC-1DB8-4668-B587-E8DDB89EB5A7}"
EndProject
Project("{9A19103F-16F7-4668-BE54-9A1E7A4F7556}") = "AoC_2015_17", "2015\AoC_2015_17\AoC_2015_17.csproj", "{8F13822D-AFCC-4ACA-86E1-2A9587E8AE15}"
EndProject
Project("{9A19103F-16F7-4668-BE54-9A1E7A4F7556}") = "AoC_2015_18", "2015\AoC_2015_18\AoC_2015_18.csproj", "{6751307F-7ACF-4351-BC4B-154DA81B72BF}"
EndProject
Project("{9A19103F-16F7-4668-BE54-9A1E7A4F7556}") = "AoC_2015_19", "2015\AoC_2015_19\AoC_2015_19.csproj", "{351B3B2B-1279-4519-A914-1334C76E8C04}"
EndProject
Project("{9A19103F-16F7-4668-BE54-9A1E7A4F7556}") = "AoC_2015_20", "2015\AoC_2015_20\AoC_2015_20.csproj", "{42713823-044A-48B7-8101-91E623FD04D7}"
EndProject
Project("{9A19103F-16F7-4668-BE54-9A1E7A4F7556}") = "AoC_2015_21", "2015\AoC_2015_21\AoC_2015_21.csproj", "{198CDB2C-CBE8-4E32-B50B-047E57AB45AE}"
EndProject
Project("{9A19103F-16F7-4668-BE54-9A1E7A4F7556}") = "AoC_2015_23", "2015\AoC_2015_23\AoC_2015_23.csproj", "{2F46CAC4-A6D8-49D8-86FE-D0B202728410}"
EndProject
Project("{9A19103F-16F7-4668-BE54-9A1E7A4F7556}") = "AoC_2015_24", "2015\AoC_2015_24\AoC_2015_24.csproj", "{EF36349C-1103-4F54-A0C2-7BFDD9F39A9E}"
EndProject
Project("{9A19103F-16F7-4668-BE54-9A1E7A4F7556}") = "AoC_2015_25", "2015\AoC_2015_25\AoC_2015_25.csproj", "{8C039A91-452D-45FF-8572-BE8974D5FD35}"
EndProject
Project("{9A19103F-16F7-4668-BE54-9A1E7A4F7556}") = "AoC_2015_22", "2015\AoC_2015_22\AoC_2015_22.csproj", "{B95C40C7-5ED5-4FD9-8028-120F2B9AEA67}"
EndProject
Project("{FAE04EC0-301F-11D3-BF4B-00C04F79EFBC}") = "AoC_2021_14", "2021\AoC_2021_14\AoC_2021_14.csproj", "{BD7A355A-2578-4DC8-B073-7CBE4DE90409}"
EndProject
Project("{FAE04EC0-301F-11D3-BF4B-00C04F79EFBC}") = "AoC_2021_04", "2021\AoC_2021_04\AoC_2021_04.csproj", "{59617A09-A17C-41F7-815D-908CD4E04EC1}"
EndProject
Project("{FAE04EC0-301F-11D3-BF4B-00C04F79EFBC}") = "AoC_2021_05", "2021\AoC_2021_05\AoC_2021_05.csproj", "{13A7F185-1A7A-4D8B-8E3A-2D1600EBA406}"
EndProject
Project("{FAE04EC0-301F-11D3-BF4B-00C04F79EFBC}") = "AoC_2021_06", "2021\AoC_2021_06\AoC_2021_06.csproj", "{A695B7F4-44D1-419F-9002-C24DCBB637EE}"
EndProject
Project("{FAE04EC0-301F-11D3-BF4B-00C04F79EFBC}") = "AoC_2021_07", "2021\AoC_2021_07\AoC_2021_07.csproj", "{0851BE3C-CF44-48A9-B7B2-C0F0258FBB66}"
EndProject
Project("{FAE04EC0-301F-11D3-BF4B-00C04F79EFBC}") = "AoC_2021_09", "AoC_2021_09\AoC_2021_09.csproj", "{74DEFE4C-76FB-4AED-80A8-9DEFEA8E9D08}"
EndProject
Global
	GlobalSection(SolutionConfigurationPlatforms) = preSolution
		Debug|Any CPU = Debug|Any CPU
		Release|Any CPU = Release|Any CPU
	EndGlobalSection
	GlobalSection(ProjectConfigurationPlatforms) = postSolution
		{A8F24AC2-71A9-4F81-A060-4CE72B44707E}.Debug|Any CPU.ActiveCfg = Debug|Any CPU
		{A8F24AC2-71A9-4F81-A060-4CE72B44707E}.Debug|Any CPU.Build.0 = Debug|Any CPU
		{A8F24AC2-71A9-4F81-A060-4CE72B44707E}.Release|Any CPU.ActiveCfg = Release|Any CPU
		{A8F24AC2-71A9-4F81-A060-4CE72B44707E}.Release|Any CPU.Build.0 = Release|Any CPU
		{6A246131-9963-46B8-9B50-D0D313EFEADD}.Debug|Any CPU.ActiveCfg = Debug|Any CPU
		{6A246131-9963-46B8-9B50-D0D313EFEADD}.Debug|Any CPU.Build.0 = Debug|Any CPU
		{6A246131-9963-46B8-9B50-D0D313EFEADD}.Release|Any CPU.ActiveCfg = Release|Any CPU
		{6A246131-9963-46B8-9B50-D0D313EFEADD}.Release|Any CPU.Build.0 = Release|Any CPU
		{6962F5A9-B81E-46A2-BE10-A5888E51D89E}.Debug|Any CPU.ActiveCfg = Debug|Any CPU
		{6962F5A9-B81E-46A2-BE10-A5888E51D89E}.Debug|Any CPU.Build.0 = Debug|Any CPU
		{6962F5A9-B81E-46A2-BE10-A5888E51D89E}.Release|Any CPU.ActiveCfg = Release|Any CPU
		{6962F5A9-B81E-46A2-BE10-A5888E51D89E}.Release|Any CPU.Build.0 = Release|Any CPU
		{5BA2B58E-759B-4147-B3FC-1B6886941C4B}.Debug|Any CPU.ActiveCfg = Debug|Any CPU
		{5BA2B58E-759B-4147-B3FC-1B6886941C4B}.Debug|Any CPU.Build.0 = Debug|Any CPU
		{5BA2B58E-759B-4147-B3FC-1B6886941C4B}.Release|Any CPU.ActiveCfg = Release|Any CPU
		{5BA2B58E-759B-4147-B3FC-1B6886941C4B}.Release|Any CPU.Build.0 = Release|Any CPU
		{BC9F3137-976D-41DC-835D-8A7839076F57}.Debug|Any CPU.ActiveCfg = Debug|Any CPU
		{BC9F3137-976D-41DC-835D-8A7839076F57}.Debug|Any CPU.Build.0 = Debug|Any CPU
		{BC9F3137-976D-41DC-835D-8A7839076F57}.Release|Any CPU.ActiveCfg = Release|Any CPU
		{BC9F3137-976D-41DC-835D-8A7839076F57}.Release|Any CPU.Build.0 = Release|Any CPU
		{5EFE0471-D753-4901-BA61-8EEE6ADA6BE4}.Debug|Any CPU.ActiveCfg = Debug|Any CPU
		{5EFE0471-D753-4901-BA61-8EEE6ADA6BE4}.Debug|Any CPU.Build.0 = Debug|Any CPU
		{5EFE0471-D753-4901-BA61-8EEE6ADA6BE4}.Release|Any CPU.ActiveCfg = Release|Any CPU
		{5EFE0471-D753-4901-BA61-8EEE6ADA6BE4}.Release|Any CPU.Build.0 = Release|Any CPU
		{AC5DF43C-D8F2-4C32-948F-182EF87086E8}.Debug|Any CPU.ActiveCfg = Debug|Any CPU
		{AC5DF43C-D8F2-4C32-948F-182EF87086E8}.Debug|Any CPU.Build.0 = Debug|Any CPU
		{AC5DF43C-D8F2-4C32-948F-182EF87086E8}.Release|Any CPU.ActiveCfg = Release|Any CPU
		{AC5DF43C-D8F2-4C32-948F-182EF87086E8}.Release|Any CPU.Build.0 = Release|Any CPU
		{DD33E7FE-68D7-4E0C-831D-5E621A475054}.Debug|Any CPU.ActiveCfg = Debug|Any CPU
		{DD33E7FE-68D7-4E0C-831D-5E621A475054}.Debug|Any CPU.Build.0 = Debug|Any CPU
		{DD33E7FE-68D7-4E0C-831D-5E621A475054}.Release|Any CPU.ActiveCfg = Release|Any CPU
		{DD33E7FE-68D7-4E0C-831D-5E621A475054}.Release|Any CPU.Build.0 = Release|Any CPU
		{652267F8-C421-41F3-BA5D-6D42E878698C}.Debug|Any CPU.ActiveCfg = Debug|Any CPU
		{652267F8-C421-41F3-BA5D-6D42E878698C}.Debug|Any CPU.Build.0 = Debug|Any CPU
		{652267F8-C421-41F3-BA5D-6D42E878698C}.Release|Any CPU.ActiveCfg = Release|Any CPU
		{652267F8-C421-41F3-BA5D-6D42E878698C}.Release|Any CPU.Build.0 = Release|Any CPU
		{3E395796-EA0D-44B8-88CF-4050E2CE7DA3}.Debug|Any CPU.ActiveCfg = Debug|Any CPU
		{3E395796-EA0D-44B8-88CF-4050E2CE7DA3}.Debug|Any CPU.Build.0 = Debug|Any CPU
		{3E395796-EA0D-44B8-88CF-4050E2CE7DA3}.Release|Any CPU.ActiveCfg = Release|Any CPU
		{3E395796-EA0D-44B8-88CF-4050E2CE7DA3}.Release|Any CPU.Build.0 = Release|Any CPU
		{4F9577AF-E96F-4F31-BAF5-7C421E11CD28}.Debug|Any CPU.ActiveCfg = Debug|Any CPU
		{4F9577AF-E96F-4F31-BAF5-7C421E11CD28}.Debug|Any CPU.Build.0 = Debug|Any CPU
		{4F9577AF-E96F-4F31-BAF5-7C421E11CD28}.Release|Any CPU.ActiveCfg = Release|Any CPU
		{4F9577AF-E96F-4F31-BAF5-7C421E11CD28}.Release|Any CPU.Build.0 = Release|Any CPU
		{0497390C-F755-459D-893C-C909D57B399B}.Debug|Any CPU.ActiveCfg = Debug|Any CPU
		{0497390C-F755-459D-893C-C909D57B399B}.Debug|Any CPU.Build.0 = Debug|Any CPU
		{0497390C-F755-459D-893C-C909D57B399B}.Release|Any CPU.ActiveCfg = Release|Any CPU
		{0497390C-F755-459D-893C-C909D57B399B}.Release|Any CPU.Build.0 = Release|Any CPU
		{5351F840-98CD-44AF-A6D5-299D380BBEF0}.Debug|Any CPU.ActiveCfg = Debug|Any CPU
		{5351F840-98CD-44AF-A6D5-299D380BBEF0}.Debug|Any CPU.Build.0 = Debug|Any CPU
		{5351F840-98CD-44AF-A6D5-299D380BBEF0}.Release|Any CPU.ActiveCfg = Release|Any CPU
		{5351F840-98CD-44AF-A6D5-299D380BBEF0}.Release|Any CPU.Build.0 = Release|Any CPU
		{6C7C17BC-E58A-4DA1-BE79-8E9F165A64F1}.Debug|Any CPU.ActiveCfg = Debug|Any CPU
		{6C7C17BC-E58A-4DA1-BE79-8E9F165A64F1}.Debug|Any CPU.Build.0 = Debug|Any CPU
		{6C7C17BC-E58A-4DA1-BE79-8E9F165A64F1}.Release|Any CPU.ActiveCfg = Release|Any CPU
		{6C7C17BC-E58A-4DA1-BE79-8E9F165A64F1}.Release|Any CPU.Build.0 = Release|Any CPU
		{C75C18D5-0288-4198-B7DE-E2DCBA08CCB7}.Debug|Any CPU.ActiveCfg = Debug|Any CPU
		{C75C18D5-0288-4198-B7DE-E2DCBA08CCB7}.Debug|Any CPU.Build.0 = Debug|Any CPU
		{C75C18D5-0288-4198-B7DE-E2DCBA08CCB7}.Release|Any CPU.ActiveCfg = Release|Any CPU
		{C75C18D5-0288-4198-B7DE-E2DCBA08CCB7}.Release|Any CPU.Build.0 = Release|Any CPU
		{5FFFEE56-F34A-423E-BB4F-B9FDDCF1DFCA}.Debug|Any CPU.ActiveCfg = Debug|Any CPU
		{5FFFEE56-F34A-423E-BB4F-B9FDDCF1DFCA}.Debug|Any CPU.Build.0 = Debug|Any CPU
		{5FFFEE56-F34A-423E-BB4F-B9FDDCF1DFCA}.Release|Any CPU.ActiveCfg = Release|Any CPU
		{5FFFEE56-F34A-423E-BB4F-B9FDDCF1DFCA}.Release|Any CPU.Build.0 = Release|Any CPU
		{507DE269-FC05-4FDB-9ED7-AA98503A1018}.Debug|Any CPU.ActiveCfg = Debug|Any CPU
		{507DE269-FC05-4FDB-9ED7-AA98503A1018}.Debug|Any CPU.Build.0 = Debug|Any CPU
		{507DE269-FC05-4FDB-9ED7-AA98503A1018}.Release|Any CPU.ActiveCfg = Release|Any CPU
		{507DE269-FC05-4FDB-9ED7-AA98503A1018}.Release|Any CPU.Build.0 = Release|Any CPU
		{799A61E4-B965-4286-80CD-C742438D8210}.Debug|Any CPU.ActiveCfg = Debug|Any CPU
		{799A61E4-B965-4286-80CD-C742438D8210}.Debug|Any CPU.Build.0 = Debug|Any CPU
		{799A61E4-B965-4286-80CD-C742438D8210}.Release|Any CPU.ActiveCfg = Release|Any CPU
		{799A61E4-B965-4286-80CD-C742438D8210}.Release|Any CPU.Build.0 = Release|Any CPU
		{A05CF8C1-0EF4-41A4-8E4A-1DC2921016E8}.Debug|Any CPU.ActiveCfg = Debug|Any CPU
		{A05CF8C1-0EF4-41A4-8E4A-1DC2921016E8}.Debug|Any CPU.Build.0 = Debug|Any CPU
		{A05CF8C1-0EF4-41A4-8E4A-1DC2921016E8}.Release|Any CPU.ActiveCfg = Release|Any CPU
		{A05CF8C1-0EF4-41A4-8E4A-1DC2921016E8}.Release|Any CPU.Build.0 = Release|Any CPU
		{A351DBD0-C944-4521-8590-3467937D5C48}.Debug|Any CPU.ActiveCfg = Debug|Any CPU
		{A351DBD0-C944-4521-8590-3467937D5C48}.Debug|Any CPU.Build.0 = Debug|Any CPU
		{A351DBD0-C944-4521-8590-3467937D5C48}.Release|Any CPU.ActiveCfg = Release|Any CPU
		{A351DBD0-C944-4521-8590-3467937D5C48}.Release|Any CPU.Build.0 = Release|Any CPU
		{97C82FD0-38A4-4CFB-B71D-90CF443DAD7F}.Debug|Any CPU.ActiveCfg = Debug|Any CPU
		{97C82FD0-38A4-4CFB-B71D-90CF443DAD7F}.Debug|Any CPU.Build.0 = Debug|Any CPU
		{97C82FD0-38A4-4CFB-B71D-90CF443DAD7F}.Release|Any CPU.ActiveCfg = Release|Any CPU
		{97C82FD0-38A4-4CFB-B71D-90CF443DAD7F}.Release|Any CPU.Build.0 = Release|Any CPU
		{6867AC4B-0D84-499F-822A-EC1AB4933D7D}.Debug|Any CPU.ActiveCfg = Debug|Any CPU
		{6867AC4B-0D84-499F-822A-EC1AB4933D7D}.Debug|Any CPU.Build.0 = Debug|Any CPU
		{6867AC4B-0D84-499F-822A-EC1AB4933D7D}.Release|Any CPU.ActiveCfg = Release|Any CPU
		{6867AC4B-0D84-499F-822A-EC1AB4933D7D}.Release|Any CPU.Build.0 = Release|Any CPU
		{F47304FC-1DB8-4668-B587-E8DDB89EB5A7}.Debug|Any CPU.ActiveCfg = Debug|Any CPU
		{F47304FC-1DB8-4668-B587-E8DDB89EB5A7}.Debug|Any CPU.Build.0 = Debug|Any CPU
		{F47304FC-1DB8-4668-B587-E8DDB89EB5A7}.Release|Any CPU.ActiveCfg = Release|Any CPU
		{F47304FC-1DB8-4668-B587-E8DDB89EB5A7}.Release|Any CPU.Build.0 = Release|Any CPU
		{8F13822D-AFCC-4ACA-86E1-2A9587E8AE15}.Debug|Any CPU.ActiveCfg = Debug|Any CPU
		{8F13822D-AFCC-4ACA-86E1-2A9587E8AE15}.Debug|Any CPU.Build.0 = Debug|Any CPU
		{8F13822D-AFCC-4ACA-86E1-2A9587E8AE15}.Release|Any CPU.ActiveCfg = Release|Any CPU
		{8F13822D-AFCC-4ACA-86E1-2A9587E8AE15}.Release|Any CPU.Build.0 = Release|Any CPU
		{6751307F-7ACF-4351-BC4B-154DA81B72BF}.Debug|Any CPU.ActiveCfg = Debug|Any CPU
		{6751307F-7ACF-4351-BC4B-154DA81B72BF}.Debug|Any CPU.Build.0 = Debug|Any CPU
		{6751307F-7ACF-4351-BC4B-154DA81B72BF}.Release|Any CPU.ActiveCfg = Release|Any CPU
		{6751307F-7ACF-4351-BC4B-154DA81B72BF}.Release|Any CPU.Build.0 = Release|Any CPU
		{351B3B2B-1279-4519-A914-1334C76E8C04}.Debug|Any CPU.ActiveCfg = Debug|Any CPU
		{351B3B2B-1279-4519-A914-1334C76E8C04}.Debug|Any CPU.Build.0 = Debug|Any CPU
		{351B3B2B-1279-4519-A914-1334C76E8C04}.Release|Any CPU.ActiveCfg = Release|Any CPU
		{351B3B2B-1279-4519-A914-1334C76E8C04}.Release|Any CPU.Build.0 = Release|Any CPU
		{42713823-044A-48B7-8101-91E623FD04D7}.Debug|Any CPU.ActiveCfg = Debug|Any CPU
		{42713823-044A-48B7-8101-91E623FD04D7}.Debug|Any CPU.Build.0 = Debug|Any CPU
		{42713823-044A-48B7-8101-91E623FD04D7}.Release|Any CPU.ActiveCfg = Release|Any CPU
		{42713823-044A-48B7-8101-91E623FD04D7}.Release|Any CPU.Build.0 = Release|Any CPU
		{198CDB2C-CBE8-4E32-B50B-047E57AB45AE}.Debug|Any CPU.ActiveCfg = Debug|Any CPU
		{198CDB2C-CBE8-4E32-B50B-047E57AB45AE}.Debug|Any CPU.Build.0 = Debug|Any CPU
		{198CDB2C-CBE8-4E32-B50B-047E57AB45AE}.Release|Any CPU.ActiveCfg = Release|Any CPU
		{198CDB2C-CBE8-4E32-B50B-047E57AB45AE}.Release|Any CPU.Build.0 = Release|Any CPU
		{2F46CAC4-A6D8-49D8-86FE-D0B202728410}.Debug|Any CPU.ActiveCfg = Debug|Any CPU
		{2F46CAC4-A6D8-49D8-86FE-D0B202728410}.Debug|Any CPU.Build.0 = Debug|Any CPU
		{2F46CAC4-A6D8-49D8-86FE-D0B202728410}.Release|Any CPU.ActiveCfg = Release|Any CPU
		{2F46CAC4-A6D8-49D8-86FE-D0B202728410}.Release|Any CPU.Build.0 = Release|Any CPU
		{EF36349C-1103-4F54-A0C2-7BFDD9F39A9E}.Debug|Any CPU.ActiveCfg = Debug|Any CPU
		{EF36349C-1103-4F54-A0C2-7BFDD9F39A9E}.Debug|Any CPU.Build.0 = Debug|Any CPU
		{EF36349C-1103-4F54-A0C2-7BFDD9F39A9E}.Release|Any CPU.ActiveCfg = Release|Any CPU
		{EF36349C-1103-4F54-A0C2-7BFDD9F39A9E}.Release|Any CPU.Build.0 = Release|Any CPU
		{8C039A91-452D-45FF-8572-BE8974D5FD35}.Debug|Any CPU.ActiveCfg = Debug|Any CPU
		{8C039A91-452D-45FF-8572-BE8974D5FD35}.Debug|Any CPU.Build.0 = Debug|Any CPU
		{8C039A91-452D-45FF-8572-BE8974D5FD35}.Release|Any CPU.ActiveCfg = Release|Any CPU
		{8C039A91-452D-45FF-8572-BE8974D5FD35}.Release|Any CPU.Build.0 = Release|Any CPU
		{B95C40C7-5ED5-4FD9-8028-120F2B9AEA67}.Debug|Any CPU.ActiveCfg = Debug|Any CPU
		{B95C40C7-5ED5-4FD9-8028-120F2B9AEA67}.Debug|Any CPU.Build.0 = Debug|Any CPU
		{B95C40C7-5ED5-4FD9-8028-120F2B9AEA67}.Release|Any CPU.ActiveCfg = Release|Any CPU
		{B95C40C7-5ED5-4FD9-8028-120F2B9AEA67}.Release|Any CPU.Build.0 = Release|Any CPU
		{BD7A355A-2578-4DC8-B073-7CBE4DE90409}.Debug|Any CPU.ActiveCfg = Debug|Any CPU
		{BD7A355A-2578-4DC8-B073-7CBE4DE90409}.Debug|Any CPU.Build.0 = Debug|Any CPU
		{BD7A355A-2578-4DC8-B073-7CBE4DE90409}.Release|Any CPU.ActiveCfg = Release|Any CPU
		{BD7A355A-2578-4DC8-B073-7CBE4DE90409}.Release|Any CPU.Build.0 = Release|Any CPU
		{59617A09-A17C-41F7-815D-908CD4E04EC1}.Debug|Any CPU.ActiveCfg = Debug|Any CPU
		{59617A09-A17C-41F7-815D-908CD4E04EC1}.Debug|Any CPU.Build.0 = Debug|Any CPU
		{59617A09-A17C-41F7-815D-908CD4E04EC1}.Release|Any CPU.ActiveCfg = Release|Any CPU
		{59617A09-A17C-41F7-815D-908CD4E04EC1}.Release|Any CPU.Build.0 = Release|Any CPU
		{13A7F185-1A7A-4D8B-8E3A-2D1600EBA406}.Debug|Any CPU.ActiveCfg = Debug|Any CPU
		{13A7F185-1A7A-4D8B-8E3A-2D1600EBA406}.Debug|Any CPU.Build.0 = Debug|Any CPU
		{13A7F185-1A7A-4D8B-8E3A-2D1600EBA406}.Release|Any CPU.ActiveCfg = Release|Any CPU
		{13A7F185-1A7A-4D8B-8E3A-2D1600EBA406}.Release|Any CPU.Build.0 = Release|Any CPU
		{A695B7F4-44D1-419F-9002-C24DCBB637EE}.Debug|Any CPU.ActiveCfg = Debug|Any CPU
		{A695B7F4-44D1-419F-9002-C24DCBB637EE}.Debug|Any CPU.Build.0 = Debug|Any CPU
		{A695B7F4-44D1-419F-9002-C24DCBB637EE}.Release|Any CPU.ActiveCfg = Release|Any CPU
		{A695B7F4-44D1-419F-9002-C24DCBB637EE}.Release|Any CPU.Build.0 = Release|Any CPU
		{0851BE3C-CF44-48A9-B7B2-C0F0258FBB66}.Debug|Any CPU.ActiveCfg = Debug|Any CPU
		{0851BE3C-CF44-48A9-B7B2-C0F0258FBB66}.Debug|Any CPU.Build.0 = Debug|Any CPU
		{0851BE3C-CF44-48A9-B7B2-C0F0258FBB66}.Release|Any CPU.ActiveCfg = Release|Any CPU
		{0851BE3C-CF44-48A9-B7B2-C0F0258FBB66}.Release|Any CPU.Build.0 = Release|Any CPU
		{74DEFE4C-76FB-4AED-80A8-9DEFEA8E9D08}.Debug|Any CPU.ActiveCfg = Debug|Any CPU
		{74DEFE4C-76FB-4AED-80A8-9DEFEA8E9D08}.Debug|Any CPU.Build.0 = Debug|Any CPU
		{74DEFE4C-76FB-4AED-80A8-9DEFEA8E9D08}.Release|Any CPU.ActiveCfg = Release|Any CPU
		{74DEFE4C-76FB-4AED-80A8-9DEFEA8E9D08}.Release|Any CPU.Build.0 = Release|Any CPU
	EndGlobalSection
	GlobalSection(SolutionProperties) = preSolution
		HideSolutionNode = FALSE
	EndGlobalSection
	GlobalSection(NestedProjects) = preSolution
		{A8F24AC2-71A9-4F81-A060-4CE72B44707E} = {542A6237-723A-4C3D-89C4-05DD7E9A3377}
		{6A246131-9963-46B8-9B50-D0D313EFEADD} = {542A6237-723A-4C3D-89C4-05DD7E9A3377}
		{6962F5A9-B81E-46A2-BE10-A5888E51D89E} = {542A6237-723A-4C3D-89C4-05DD7E9A3377}
		{5BA2B58E-759B-4147-B3FC-1B6886941C4B} = {542A6237-723A-4C3D-89C4-05DD7E9A3377}
		{BC9F3137-976D-41DC-835D-8A7839076F57} = {10E8D8E6-E9E8-4CC4-864E-B75D6417EB01}
		{5EFE0471-D753-4901-BA61-8EEE6ADA6BE4} = {10E8D8E6-E9E8-4CC4-864E-B75D6417EB01}
		{AC5DF43C-D8F2-4C32-948F-182EF87086E8} = {10E8D8E6-E9E8-4CC4-864E-B75D6417EB01}
		{DD33E7FE-68D7-4E0C-831D-5E621A475054} = {10E8D8E6-E9E8-4CC4-864E-B75D6417EB01}
		{652267F8-C421-41F3-BA5D-6D42E878698C} = {10E8D8E6-E9E8-4CC4-864E-B75D6417EB01}
		{3E395796-EA0D-44B8-88CF-4050E2CE7DA3} = {10E8D8E6-E9E8-4CC4-864E-B75D6417EB01}
		{4F9577AF-E96F-4F31-BAF5-7C421E11CD28} = {10E8D8E6-E9E8-4CC4-864E-B75D6417EB01}
		{0497390C-F755-459D-893C-C909D57B399B} = {10E8D8E6-E9E8-4CC4-864E-B75D6417EB01}
		{5351F840-98CD-44AF-A6D5-299D380BBEF0} = {10E8D8E6-E9E8-4CC4-864E-B75D6417EB01}
		{6C7C17BC-E58A-4DA1-BE79-8E9F165A64F1} = {10E8D8E6-E9E8-4CC4-864E-B75D6417EB01}
		{C75C18D5-0288-4198-B7DE-E2DCBA08CCB7} = {10E8D8E6-E9E8-4CC4-864E-B75D6417EB01}
		{5FFFEE56-F34A-423E-BB4F-B9FDDCF1DFCA} = {542A6237-723A-4C3D-89C4-05DD7E9A3377}
		{507DE269-FC05-4FDB-9ED7-AA98503A1018} = {542A6237-723A-4C3D-89C4-05DD7E9A3377}
		{799A61E4-B965-4286-80CD-C742438D8210} = {542A6237-723A-4C3D-89C4-05DD7E9A3377}
		{A05CF8C1-0EF4-41A4-8E4A-1DC2921016E8} = {10E8D8E6-E9E8-4CC4-864E-B75D6417EB01}
		{A351DBD0-C944-4521-8590-3467937D5C48} = {10E8D8E6-E9E8-4CC4-864E-B75D6417EB01}
		{97C82FD0-38A4-4CFB-B71D-90CF443DAD7F} = {10E8D8E6-E9E8-4CC4-864E-B75D6417EB01}
		{6867AC4B-0D84-499F-822A-EC1AB4933D7D} = {10E8D8E6-E9E8-4CC4-864E-B75D6417EB01}
		{F47304FC-1DB8-4668-B587-E8DDB89EB5A7} = {10E8D8E6-E9E8-4CC4-864E-B75D6417EB01}
		{8F13822D-AFCC-4ACA-86E1-2A9587E8AE15} = {10E8D8E6-E9E8-4CC4-864E-B75D6417EB01}
		{6751307F-7ACF-4351-BC4B-154DA81B72BF} = {10E8D8E6-E9E8-4CC4-864E-B75D6417EB01}
		{351B3B2B-1279-4519-A914-1334C76E8C04} = {10E8D8E6-E9E8-4CC4-864E-B75D6417EB01}
		{42713823-044A-48B7-8101-91E623FD04D7} = {10E8D8E6-E9E8-4CC4-864E-B75D6417EB01}
		{198CDB2C-CBE8-4E32-B50B-047E57AB45AE} = {10E8D8E6-E9E8-4CC4-864E-B75D6417EB01}
		{2F46CAC4-A6D8-49D8-86FE-D0B202728410} = {10E8D8E6-E9E8-4CC4-864E-B75D6417EB01}
		{EF36349C-1103-4F54-A0C2-7BFDD9F39A9E} = {10E8D8E6-E9E8-4CC4-864E-B75D6417EB01}
		{8C039A91-452D-45FF-8572-BE8974D5FD35} = {10E8D8E6-E9E8-4CC4-864E-B75D6417EB01}
		{B95C40C7-5ED5-4FD9-8028-120F2B9AEA67} = {10E8D8E6-E9E8-4CC4-864E-B75D6417EB01}
		{BD7A355A-2578-4DC8-B073-7CBE4DE90409} = {542A6237-723A-4C3D-89C4-05DD7E9A3377}
		{59617A09-A17C-41F7-815D-908CD4E04EC1} = {542A6237-723A-4C3D-89C4-05DD7E9A3377}
		{13A7F185-1A7A-4D8B-8E3A-2D1600EBA406} = {542A6237-723A-4C3D-89C4-05DD7E9A3377}
		{A695B7F4-44D1-419F-9002-C24DCBB637EE} = {542A6237-723A-4C3D-89C4-05DD7E9A3377}
		{0851BE3C-CF44-48A9-B7B2-C0F0258FBB66} = {542A6237-723A-4C3D-89C4-05DD7E9A3377}
		{74DEFE4C-76FB-4AED-80A8-9DEFEA8E9D08} = {542A6237-723A-4C3D-89C4-05DD7E9A3377}
	EndGlobalSection
	GlobalSection(ExtensibilityGlobals) = postSolution
		SolutionGuid = {1B9A1944-C309-4D6C-B2BA-B041EDAC9D8E}
	EndGlobalSection
EndGlobal
