
Microsoft Visual Studio Solution File, Format Version 12.00
# Visual Studio Version 17
VisualStudioVersion = 17.3.32929.385
MinimumVisualStudioVersion = 10.0.40219.1
Project("{9A19103F-16F7-4668-BE54-9A1E7A4F7556}") = "AoC_2021_19", "AoC_2021_19\AoC_2021_19.csproj", "{A8F24AC2-71A9-4F81-A060-4CE72B44707E}"
EndProject
Project("{9A19103F-16F7-4668-BE54-9A1E7A4F7556}") = "AoC_2021_20", "AoC_2021_20\AoC_2021_20.csproj", "{6A246131-9963-46B8-9B50-D0D313EFEADD}"
EndProject
Project("{9A19103F-16F7-4668-BE54-9A1E7A4F7556}") = "AoC_2021_08", "AoC_2021_08\AoC_2021_08.csproj", "{6962F5A9-B81E-46A2-BE10-A5888E51D89E}"
EndProject
Project("{9A19103F-16F7-4668-BE54-9A1E7A4F7556}") = "AoC_2021_15", "AoC_2021_15\AoC_2021_15.csproj", "{5BA2B58E-759B-4147-B3FC-1B6886941C4B}"
EndProject
Project("{2150E333-8FDC-42A3-9474-1A3956D46DE8}") = "2021", "2021", "{542A6237-723A-4C3D-89C4-05DD7E9A3377}"
EndProject
Project("{2150E333-8FDC-42A3-9474-1A3956D46DE8}") = "2015", "2015", "{10E8D8E6-E9E8-4CC4-864E-B75D6417EB01}"
EndProject
Project("{9A19103F-16F7-4668-BE54-9A1E7A4F7556}") = "AoC_2015_02", "AoC_2015_02\AoC_2015_02.csproj", "{BC9F3137-976D-41DC-835D-8A7839076F57}"
EndProject
Project("{9A19103F-16F7-4668-BE54-9A1E7A4F7556}") = "AoC_2015_04", "AoC_2015_04\AoC_2015_04.csproj", "{5EFE0471-D753-4901-BA61-8EEE6ADA6BE4}"
EndProject
Project("{FAE04EC0-301F-11D3-BF4B-00C04F79EFBC}") = "AoC_2015_01", "AoC_2015_01\AoC_2015_01.csproj", "{AC5DF43C-D8F2-4C32-948F-182EF87086E8}"
EndProject
Project("{FAE04EC0-301F-11D3-BF4B-00C04F79EFBC}") = "AoC_2015_03", "AoC_2015_03\AoC_2015_03.csproj", "{DD33E7FE-68D7-4E0C-831D-5E621A475054}"
EndProject
Project("{FAE04EC0-301F-11D3-BF4B-00C04F79EFBC}") = "AoC_2015_05", "AoC_2015_05\AoC_2015_05.csproj", "{652267F8-C421-41F3-BA5D-6D42E878698C}"
EndProject
Project("{FAE04EC0-301F-11D3-BF4B-00C04F79EFBC}") = "AoC_2015_06", "AoC_2015_06\AoC_2015_06.csproj", "{3E395796-EA0D-44B8-88CF-4050E2CE7DA3}"
EndProject
Project("{FAE04EC0-301F-11D3-BF4B-00C04F79EFBC}") = "AoC_2015_07", "AoC_2015_07\AoC_2015_07.csproj", "{4F9577AF-E96F-4F31-BAF5-7C421E11CD28}"
EndProject
Project("{FAE04EC0-301F-11D3-BF4B-00C04F79EFBC}") = "AoC_2015_08", "AoC_2015_08\AoC_2015_08.csproj", "{0497390C-F755-459D-893C-C909D57B399B}"
EndProject
Project("{FAE04EC0-301F-11D3-BF4B-00C04F79EFBC}") = "AoC_2015_09", "AoC_2015_09\AoC_2015_09.csproj", "{5351F840-98CD-44AF-A6D5-299D380BBEF0}"
EndProject
Global
	GlobalSection(SolutionConfigurationPlatforms) = preSolution
		Debug|Any CPU = Debug|Any CPU
		Release|Any CPU = Release|Any CPU
	EndGlobalSection
	GlobalSection(ProjectConfigurationPlatforms) = postSolution
		{A8F24AC2-71A9-4F81-A060-4CE72B44707E}.Debug|Any CPU.ActiveCfg = Debug|Any CPU
		{A8F24AC2-71A9-4F81-A060-4CE72B44707E}.Debug|Any CPU.Build.0 = Debug|Any CPU
		{A8F24AC2-71A9-4F81-A060-4CE72B44707E}.Release|Any CPU.ActiveCfg = Release|Any CPU
		{A8F24AC2-71A9-4F81-A060-4CE72B44707E}.Release|Any CPU.Build.0 = Release|Any CPU
		{6A246131-9963-46B8-9B50-D0D313EFEADD}.Debug|Any CPU.ActiveCfg = Debug|Any CPU
		{6A246131-9963-46B8-9B50-D0D313EFEADD}.Debug|Any CPU.Build.0 = Debug|Any CPU
		{6A246131-9963-46B8-9B50-D0D313EFEADD}.Release|Any CPU.ActiveCfg = Release|Any CPU
		{6A246131-9963-46B8-9B50-D0D313EFEADD}.Release|Any CPU.Build.0 = Release|Any CPU
		{6962F5A9-B81E-46A2-BE10-A5888E51D89E}.Debug|Any CPU.ActiveCfg = Debug|Any CPU
		{6962F5A9-B81E-46A2-BE10-A5888E51D89E}.Debug|Any CPU.Build.0 = Debug|Any CPU
		{6962F5A9-B81E-46A2-BE10-A5888E51D89E}.Release|Any CPU.ActiveCfg = Release|Any CPU
		{6962F5A9-B81E-46A2-BE10-A5888E51D89E}.Release|Any CPU.Build.0 = Release|Any CPU
		{5BA2B58E-759B-4147-B3FC-1B6886941C4B}.Debug|Any CPU.ActiveCfg = Debug|Any CPU
		{5BA2B58E-759B-4147-B3FC-1B6886941C4B}.Debug|Any CPU.Build.0 = Debug|Any CPU
		{5BA2B58E-759B-4147-B3FC-1B6886941C4B}.Release|Any CPU.ActiveCfg = Release|Any CPU
		{5BA2B58E-759B-4147-B3FC-1B6886941C4B}.Release|Any CPU.Build.0 = Release|Any CPU
		{BC9F3137-976D-41DC-835D-8A7839076F57}.Debug|Any CPU.ActiveCfg = Debug|Any CPU
		{BC9F3137-976D-41DC-835D-8A7839076F57}.Debug|Any CPU.Build.0 = Debug|Any CPU
		{BC9F3137-976D-41DC-835D-8A7839076F57}.Release|Any CPU.ActiveCfg = Release|Any CPU
		{BC9F3137-976D-41DC-835D-8A7839076F57}.Release|Any CPU.Build.0 = Release|Any CPU
		{5EFE0471-D753-4901-BA61-8EEE6ADA6BE4}.Debug|Any CPU.ActiveCfg = Debug|Any CPU
		{5EFE0471-D753-4901-BA61-8EEE6ADA6BE4}.Debug|Any CPU.Build.0 = Debug|Any CPU
		{5EFE0471-D753-4901-BA61-8EEE6ADA6BE4}.Release|Any CPU.ActiveCfg = Release|Any CPU
		{5EFE0471-D753-4901-BA61-8EEE6ADA6BE4}.Release|Any CPU.Build.0 = Release|Any CPU
		{AC5DF43C-D8F2-4C32-948F-182EF87086E8}.Debug|Any CPU.ActiveCfg = Debug|Any CPU
		{AC5DF43C-D8F2-4C32-948F-182EF87086E8}.Debug|Any CPU.Build.0 = Debug|Any CPU
		{AC5DF43C-D8F2-4C32-948F-182EF87086E8}.Release|Any CPU.ActiveCfg = Release|Any CPU
		{AC5DF43C-D8F2-4C32-948F-182EF87086E8}.Release|Any CPU.Build.0 = Release|Any CPU
		{DD33E7FE-68D7-4E0C-831D-5E621A475054}.Debug|Any CPU.ActiveCfg = Debug|Any CPU
		{DD33E7FE-68D7-4E0C-831D-5E621A475054}.Debug|Any CPU.Build.0 = Debug|Any CPU
		{DD33E7FE-68D7-4E0C-831D-5E621A475054}.Release|Any CPU.ActiveCfg = Release|Any CPU
		{DD33E7FE-68D7-4E0C-831D-5E621A475054}.Release|Any CPU.Build.0 = Release|Any CPU
		{652267F8-C421-41F3-BA5D-6D42E878698C}.Debug|Any CPU.ActiveCfg = Debug|Any CPU
		{652267F8-C421-41F3-BA5D-6D42E878698C}.Debug|Any CPU.Build.0 = Debug|Any CPU
		{652267F8-C421-41F3-BA5D-6D42E878698C}.Release|Any CPU.ActiveCfg = Release|Any CPU
		{652267F8-C421-41F3-BA5D-6D42E878698C}.Release|Any CPU.Build.0 = Release|Any CPU
		{3E395796-EA0D-44B8-88CF-4050E2CE7DA3}.Debug|Any CPU.ActiveCfg = Debug|Any CPU
		{3E395796-EA0D-44B8-88CF-4050E2CE7DA3}.Debug|Any CPU.Build.0 = Debug|Any CPU
		{3E395796-EA0D-44B8-88CF-4050E2CE7DA3}.Release|Any CPU.ActiveCfg = Release|Any CPU
		{3E395796-EA0D-44B8-88CF-4050E2CE7DA3}.Release|Any CPU.Build.0 = Release|Any CPU
		{4F9577AF-E96F-4F31-BAF5-7C421E11CD28}.Debug|Any CPU.ActiveCfg = Debug|Any CPU
		{4F9577AF-E96F-4F31-BAF5-7C421E11CD28}.Debug|Any CPU.Build.0 = Debug|Any CPU
		{4F9577AF-E96F-4F31-BAF5-7C421E11CD28}.Release|Any CPU.ActiveCfg = Release|Any CPU
		{4F9577AF-E96F-4F31-BAF5-7C421E11CD28}.Release|Any CPU.Build.0 = Release|Any CPU
		{0497390C-F755-459D-893C-C909D57B399B}.Debug|Any CPU.ActiveCfg = Debug|Any CPU
		{0497390C-F755-459D-893C-C909D57B399B}.Debug|Any CPU.Build.0 = Debug|Any CPU
		{0497390C-F755-459D-893C-C909D57B399B}.Release|Any CPU.ActiveCfg = Release|Any CPU
		{0497390C-F755-459D-893C-C909D57B399B}.Release|Any CPU.Build.0 = Release|Any CPU
		{5351F840-98CD-44AF-A6D5-299D380BBEF0}.Debug|Any CPU.ActiveCfg = Debug|Any CPU
		{5351F840-98CD-44AF-A6D5-299D380BBEF0}.Debug|Any CPU.Build.0 = Debug|Any CPU
		{5351F840-98CD-44AF-A6D5-299D380BBEF0}.Release|Any CPU.ActiveCfg = Release|Any CPU
		{5351F840-98CD-44AF-A6D5-299D380BBEF0}.Release|Any CPU.Build.0 = Release|Any CPU
	EndGlobalSection
	GlobalSection(SolutionProperties) = preSolution
		HideSolutionNode = FALSE
	EndGlobalSection
	GlobalSection(NestedProjects) = preSolution
		{A8F24AC2-71A9-4F81-A060-4CE72B44707E} = {542A6237-723A-4C3D-89C4-05DD7E9A3377}
		{6A246131-9963-46B8-9B50-D0D313EFEADD} = {542A6237-723A-4C3D-89C4-05DD7E9A3377}
		{6962F5A9-B81E-46A2-BE10-A5888E51D89E} = {542A6237-723A-4C3D-89C4-05DD7E9A3377}
		{5BA2B58E-759B-4147-B3FC-1B6886941C4B} = {542A6237-723A-4C3D-89C4-05DD7E9A3377}
		{BC9F3137-976D-41DC-835D-8A7839076F57} = {10E8D8E6-E9E8-4CC4-864E-B75D6417EB01}
		{5EFE0471-D753-4901-BA61-8EEE6ADA6BE4} = {10E8D8E6-E9E8-4CC4-864E-B75D6417EB01}
		{AC5DF43C-D8F2-4C32-948F-182EF87086E8} = {10E8D8E6-E9E8-4CC4-864E-B75D6417EB01}
		{DD33E7FE-68D7-4E0C-831D-5E621A475054} = {10E8D8E6-E9E8-4CC4-864E-B75D6417EB01}
		{652267F8-C421-41F3-BA5D-6D42E878698C} = {10E8D8E6-E9E8-4CC4-864E-B75D6417EB01}
		{3E395796-EA0D-44B8-88CF-4050E2CE7DA3} = {10E8D8E6-E9E8-4CC4-864E-B75D6417EB01}
		{4F9577AF-E96F-4F31-BAF5-7C421E11CD28} = {10E8D8E6-E9E8-4CC4-864E-B75D6417EB01}
		{0497390C-F755-459D-893C-C909D57B399B} = {10E8D8E6-E9E8-4CC4-864E-B75D6417EB01}
		{5351F840-98CD-44AF-A6D5-299D380BBEF0} = {10E8D8E6-E9E8-4CC4-864E-B75D6417EB01}
	EndGlobalSection
	GlobalSection(ExtensibilityGlobals) = postSolution
		SolutionGuid = {1B9A1944-C309-4D6C-B2BA-B041EDAC9D8E}
	EndGlobalSection
EndGlobal
