
Microsoft Visual Studio Solution File, Format Version 12.00
# Visual Studio Version 17
VisualStudioVersion = 17.3.32929.385
MinimumVisualStudioVersion = 10.0.40219.1
Project("{9A19103F-16F7-4668-BE54-9A1E7A4F7556}") = "AoC_2021_19", "2021\AoC_2021_19\AoC_2021_19.csproj", "{A8F24AC2-71A9-4F81-A060-4CE72B44707E}"
EndProject
Project("{9A19103F-16F7-4668-BE54-9A1E7A4F7556}") = "AoC_2021_20", "2021\AoC_2021_20\AoC_2021_20.csproj", "{6A246131-9963-46B8-9B50-D0D313EFEADD}"
EndProject
Project("{9A19103F-16F7-4668-BE54-9A1E7A4F7556}") = "AoC_2021_08", "2021\AoC_2021_08\AoC_2021_08.csproj", "{6962F5A9-B81E-46A2-BE10-A5888E51D89E}"
EndProject
Project("{9A19103F-16F7-4668-BE54-9A1E7A4F7556}") = "AoC_2021_15", "2021\AoC_2021_15\AoC_2021_15.csproj", "{5BA2B58E-759B-4147-B3FC-1B6886941C4B}"
EndProject
Project("{2150E333-8FDC-42A3-9474-1A3956D46DE8}") = "2021", "2021", "{542A6237-723A-4C3D-89C4-05DD7E9A3377}"
EndProject
Project("{2150E333-8FDC-42A3-9474-1A3956D46DE8}") = "2015", "2015", "{10E8D8E6-E9E8-4CC4-864E-B75D6417EB01}"
EndProject
Project("{9A19103F-16F7-4668-BE54-9A1E7A4F7556}") = "AoC_2015_02", "2015\AoC_2015_02\AoC_2015_02.csproj", "{BC9F3137-976D-41DC-835D-8A7839076F57}"
EndProject
Project("{9A19103F-16F7-4668-BE54-9A1E7A4F7556}") = "AoC_2015_04", "2015\AoC_2015_04\AoC_2015_04.csproj", "{5EFE0471-D753-4901-BA61-8EEE6ADA6BE4}"
EndProject
Project("{9A19103F-16F7-4668-BE54-9A1E7A4F7556}") = "AoC_2015_01", "2015\AoC_2015_01\AoC_2015_01.csproj", "{AC5DF43C-D8F2-4C32-948F-182EF87086E8}"
EndProject
Project("{9A19103F-16F7-4668-BE54-9A1E7A4F7556}") = "AoC_2015_03", "2015\AoC_2015_03\AoC_2015_03.csproj", "{DD33E7FE-68D7-4E0C-831D-5E621A475054}"
EndProject
Project("{9A19103F-16F7-4668-BE54-9A1E7A4F7556}") = "AoC_2015_05", "2015\AoC_2015_05\AoC_2015_05.csproj", "{652267F8-C421-41F3-BA5D-6D42E878698C}"
EndProject
Project("{9A19103F-16F7-4668-BE54-9A1E7A4F7556}") = "AoC_2015_06", "2015\AoC_2015_06\AoC_2015_06.csproj", "{3E395796-EA0D-44B8-88CF-4050E2CE7DA3}"
EndProject
Project("{9A19103F-16F7-4668-BE54-9A1E7A4F7556}") = "AoC_2015_07", "2015\AoC_2015_07\AoC_2015_07.csproj", "{4F9577AF-E96F-4F31-BAF5-7C421E11CD28}"
EndProject
Project("{9A19103F-16F7-4668-BE54-9A1E7A4F7556}") = "AoC_2015_08", "2015\AoC_2015_08\AoC_2015_08.csproj", "{0497390C-F755-459D-893C-C909D57B399B}"
EndProject
Project("{9A19103F-16F7-4668-BE54-9A1E7A4F7556}") = "AoC_2015_09", "2015\AoC_2015_09\AoC_2015_09.csproj", "{5351F840-98CD-44AF-A6D5-299D380BBEF0}"
EndProject
Project("{9A19103F-16F7-4668-BE54-9A1E7A4F7556}") = "AoC_2015_10", "2015\AoC_2015_10\AoC_2015_10.csproj", "{6C7C17BC-E58A-4DA1-BE79-8E9F165A64F1}"
EndProject
Project("{9A19103F-16F7-4668-BE54-9A1E7A4F7556}") = "AoC_2015_11", "2015\AoC_2015_11\AoC_2015_11.csproj", "{C75C18D5-0288-4198-B7DE-E2DCBA08CCB7}"
EndProject
Project("{9A19103F-16F7-4668-BE54-9A1E7A4F7556}") = "AoC_2021_01", "2021\AoC_2021_01\AoC_2021_01.csproj", "{5FFFEE56-F34A-423E-BB4F-B9FDDCF1DFCA}"
EndProject
Project("{9A19103F-16F7-4668-BE54-9A1E7A4F7556}") = "AoC_2021_02", "2021\AoC_2021_02\AoC_2021_02.csproj", "{507DE269-FC05-4FDB-9ED7-AA98503A1018}"
EndProject
Project("{9A19103F-16F7-4668-BE54-9A1E7A4F7556}") = "AoC_2021_03", "2021\AoC_2021_03\AoC_2021_03.csproj", "{799A61E4-B965-4286-80CD-C742438D8210}"
EndProject
Project("{9A19103F-16F7-4668-BE54-9A1E7A4F7556}") = "AoC_2015_12", "2015\AoC_2015_12\AoC_2015_12.csproj", "{A05CF8C1-0EF4-41A4-8E4A-1DC2921016E8}"
EndProject
Project("{9A19103F-16F7-4668-BE54-9A1E7A4F7556}") = "AoC_2015_13", "2015\AoC_2015_13\AoC_2015_13.csproj", "{A351DBD0-C944-4521-8590-3467937D5C48}"
EndProject
Project("{9A19103F-16F7-4668-BE54-9A1E7A4F7556}") = "AoC_2015_14", "2015\AoC_2015_14\AoC_2015_14.csproj", "{97C82FD0-38A4-4CFB-B71D-90CF443DAD7F}"
EndProject
Project("{9A19103F-16F7-4668-BE54-9A1E7A4F7556}") = "AoC_2015_15", "2015\AoC_2015_15\AoC_2015_15.csproj", "{6867AC4B-0D84-499F-822A-EC1AB4933D7D}"
EndProject
Project("{9A19103F-16F7-4668-BE54-9A1E7A4F7556}") = "AoC_2015_16", "2015\AoC_2015_16\AoC_2015_16.csproj", "{F47304FC-1DB8-4668-B587-E8DDB89EB5A7}"
EndProject
Project("{9A19103F-16F7-4668-BE54-9A1E7A4F7556}") = "AoC_2015_17", "2015\AoC_2015_17\AoC_2015_17.csproj", "{8F13822D-AFCC-4ACA-86E1-2A9587E8AE15}"
EndProject
Project("{9A19103F-16F7-4668-BE54-9A1E7A4F7556}") = "AoC_2015_18", "2015\AoC_2015_18\AoC_2015_18.csproj", "{6751307F-7ACF-4351-BC4B-154DA81B72BF}"
EndProject
Project("{9A19103F-16F7-4668-BE54-9A1E7A4F7556}") = "AoC_2015_19", "2015\AoC_2015_19\AoC_2015_19.csproj", "{351B3B2B-1279-4519-A914-1334C76E8C04}"
EndProject
Project("{9A19103F-16F7-4668-BE54-9A1E7A4F7556}") = "AoC_2015_20", "2015\AoC_2015_20\AoC_2015_20.csproj", "{42713823-044A-48B7-8101-91E623FD04D7}"
EndProject
Project("{9A19103F-16F7-4668-BE54-9A1E7A4F7556}") = "AoC_2015_21", "2015\AoC_2015_21\AoC_2015_21.csproj", "{198CDB2C-CBE8-4E32-B50B-047E57AB45AE}"
EndProject
Project("{9A19103F-16F7-4668-BE54-9A1E7A4F7556}") = "AoC_2015_23", "2015\AoC_2015_23\AoC_2015_23.csproj", "{2F46CAC4-A6D8-49D8-86FE-D0B202728410}"
EndProject
Project("{9A19103F-16F7-4668-BE54-9A1E7A4F7556}") = "AoC_2015_24", "2015\AoC_2015_24\AoC_2015_24.csproj", "{EF36349C-1103-4F54-A0C2-7BFDD9F39A9E}"
EndProject
Project("{9A19103F-16F7-4668-BE54-9A1E7A4F7556}") = "AoC_2015_25", "2015\AoC_2015_25\AoC_2015_25.csproj", "{8C039A91-452D-45FF-8572-BE8974D5FD35}"
EndProject
Project("{9A19103F-16F7-4668-BE54-9A1E7A4F7556}") = "AoC_2015_22", "2015\AoC_2015_22\AoC_2015_22.csproj", "{B95C40C7-5ED5-4FD9-8028-120F2B9AEA67}"
EndProject
Project("{9A19103F-16F7-4668-BE54-9A1E7A4F7556}") = "AoC_2021_14", "2021\AoC_2021_14\AoC_2021_14.csproj", "{BD7A355A-2578-4DC8-B073-7CBE4DE90409}"
EndProject
Project("{9A19103F-16F7-4668-BE54-9A1E7A4F7556}") = "AoC_2021_04", "2021\AoC_2021_04\AoC_2021_04.csproj", "{59617A09-A17C-41F7-815D-908CD4E04EC1}"
EndProject
Project("{9A19103F-16F7-4668-BE54-9A1E7A4F7556}") = "AoC_2021_05", "2021\AoC_2021_05\AoC_2021_05.csproj", "{13A7F185-1A7A-4D8B-8E3A-2D1600EBA406}"
EndProject
Project("{9A19103F-16F7-4668-BE54-9A1E7A4F7556}") = "AoC_2021_06", "2021\AoC_2021_06\AoC_2021_06.csproj", "{A695B7F4-44D1-419F-9002-C24DCBB637EE}"
EndProject
Project("{9A19103F-16F7-4668-BE54-9A1E7A4F7556}") = "AoC_2021_07", "2021\AoC_2021_07\AoC_2021_07.csproj", "{0851BE3C-CF44-48A9-B7B2-C0F0258FBB66}"
EndProject
Project("{9A19103F-16F7-4668-BE54-9A1E7A4F7556}") = "AoC_2021_09", "2021\AoC_2021_09\AoC_2021_09.csproj", "{74DEFE4C-76FB-4AED-80A8-9DEFEA8E9D08}"
EndProject
Project("{9A19103F-16F7-4668-BE54-9A1E7A4F7556}") = "AoC_2021_10", "2021\AoC_2021_10\AoC_2021_10.csproj", "{8F6A0724-9CC4-47DF-8A07-A2FDDEB78896}"
EndProject
Project("{9A19103F-16F7-4668-BE54-9A1E7A4F7556}") = "AoC_2021_11", "2021\AoC_2021_11\AoC_2021_11.csproj", "{3BF1A005-9269-476E-9990-CD540B2FE4C7}"
EndProject
Project("{9A19103F-16F7-4668-BE54-9A1E7A4F7556}") = "AoC_2021_12", "2021\AoC_2021_12\AoC_2021_12.csproj", "{DBBC3E7A-1567-4CC6-AFA8-921E2B18E1BE}"
EndProject
Project("{9A19103F-16F7-4668-BE54-9A1E7A4F7556}") = "AoC_2021_13", "2021\AoC_2021_13\AoC_2021_13.csproj", "{75B09506-C8A3-48F3-8782-9A65D9A5880A}"
EndProject
Project("{9A19103F-16F7-4668-BE54-9A1E7A4F7556}") = "AoC_2021_21", "2021\AoC_2021_21\AoC_2021_21.csproj", "{47A7CAB2-1536-4FEB-9FBC-3084FF72FE88}"
EndProject
Project("{9A19103F-16F7-4668-BE54-9A1E7A4F7556}") = "AoC_2021_22", "2021\AoC_2021_22\AoC_2021_22.csproj", "{2F8709D0-13F0-4496-B0C3-79E26FF7A984}"
EndProject
Project("{9A19103F-16F7-4668-BE54-9A1E7A4F7556}") = "AoC_2021_16", "2021\AoC_2021_16\AoC_2021_16.csproj", "{2E8B63A2-FA4E-4C81-B24E-E2ECA13E3B33}"
EndProject
Project("{9A19103F-16F7-4668-BE54-9A1E7A4F7556}") = "AoC_2021_17", "2021\AoC_2021_17\AoC_2021_17.csproj", "{9C11657B-98E6-4E6C-A9CF-308769E63B61}"
EndProject
Project("{9A19103F-16F7-4668-BE54-9A1E7A4F7556}") = "AoC_2021_18", "2021\AoC_2021_18\AoC_2021_18.csproj", "{79F40449-0AEA-403F-BD68-BFD12970BA66}"
EndProject
Project("{9A19103F-16F7-4668-BE54-9A1E7A4F7556}") = "AoC_2021_23", "2021\AoC_2021_23\AoC_2021_23.csproj", "{919CCC38-9DA4-4438-B1E0-1C99AD60B7DC}"
EndProject
Project("{9A19103F-16F7-4668-BE54-9A1E7A4F7556}") = "AoC_2021_25", "2021\AoC_2021_25\AoC_2021_25.csproj", "{67248327-C38A-4908-8BCC-C62EEB43FB4A}"
EndProject
Project("{9A19103F-16F7-4668-BE54-9A1E7A4F7556}") = "AoC_2021_24", "2021\AoC_2021_24\AoC_2021_24.csproj", "{491C242A-872A-405E-8FCC-7530310D2292}"
EndProject
Project("{2150E333-8FDC-42A3-9474-1A3956D46DE8}") = "2018", "2018", "{30D676AF-DC0C-45B8-BB24-7A60F4D8FBAE}"
EndProject
Project("{9A19103F-16F7-4668-BE54-9A1E7A4F7556}") = "AoC_2018_01", "2018\AoC_2018_01\AoC_2018_01.csproj", "{B8F60674-6D4E-432C-B0AF-B835F3CFF276}"
EndProject
Project("{9A19103F-16F7-4668-BE54-9A1E7A4F7556}") = "AoC_2018_02", "2018\AoC_2018_02\AoC_2018_02.csproj", "{E932E756-DCC1-4BDA-B59A-E97C6C4EE5AD}"
EndProject
Project("{2150E333-8FDC-42A3-9474-1A3956D46DE8}") = "2022", "2022", "{7DBD59EE-E903-4BF7-9FDE-4EADF65F8DBD}"
EndProject
Project("{9A19103F-16F7-4668-BE54-9A1E7A4F7556}") = "AoC_2022_01", "2022\AoC_2022_01\AoC_2022_01.csproj", "{4A10D6D6-E46E-4602-88D3-37B3D3F390EE}"
EndProject
Project("{9A19103F-16F7-4668-BE54-9A1E7A4F7556}") = "AoC_2022_02", "2022\AoC_2022_02\AoC_2022_02.csproj", "{63505746-7875-4F05-B1CA-A99F9A2E0FA8}"
EndProject
Project("{9A19103F-16F7-4668-BE54-9A1E7A4F7556}") = "AoC_2022_03", "2022\AoC_2022_03\AoC_2022_03.csproj", "{4B27DA2E-D438-43A8-8CAE-ADE66030CB98}"
EndProject
Project("{2150E333-8FDC-42A3-9474-1A3956D46DE8}") = "Template", "Template", "{42FBB2B4-2A72-4E7C-BC27-1F630F9E11A9}"
EndProject
Project("{9A19103F-16F7-4668-BE54-9A1E7A4F7556}") = "AoC_ProjectTemplate", "AoC_ProjectTemplate\AoC_ProjectTemplate.csproj", "{400337FE-03C3-4C83-A063-BE23BCF50E7E}"
EndProject
Project("{9A19103F-16F7-4668-BE54-9A1E7A4F7556}") = "AoC_2018_03", "2018\AoC_2018_03\AoC_2018_03.csproj", "{57EBA0D2-AB22-4C6F-A6DA-D64EB948AA18}"
EndProject
Project("{9A19103F-16F7-4668-BE54-9A1E7A4F7556}") = "AoC_2018_04", "2018\AoC_2018_04\AoC_2018_04.csproj", "{CD13A7E7-653E-4EB5-BF71-4AA3326BCC31}"
EndProject
Project("{9A19103F-16F7-4668-BE54-9A1E7A4F7556}") = "AoC_2018_05", "2018\AoC_2018_05\AoC_2018_05.csproj", "{A3458E2B-3DA2-4D68-B512-9678647CC421}"
EndProject
Project("{9A19103F-16F7-4668-BE54-9A1E7A4F7556}") = "AoC_2022_04", "2022\AoC_2022_04\AoC_2022_04.csproj", "{1F3A1896-2481-4595-890C-25CC094C0EB7}"
EndProject
Project("{9A19103F-16F7-4668-BE54-9A1E7A4F7556}") = "AoC_2022_05", "2022\AoC_2022_05\AoC_2022_05.csproj", "{56451D21-2BFF-480F-B34C-BE0B705E2856}"
EndProject
Project("{9A19103F-16F7-4668-BE54-9A1E7A4F7556}") = "AoC_2022_06", "2022\AoC_2022_06\AoC_2022_06.csproj", "{0C96E75A-7041-451A-AFDC-4C555AD979B8}"
EndProject
Project("{9A19103F-16F7-4668-BE54-9A1E7A4F7556}") = "AoC_2022_07", "2022\AoC_2022_07\AoC_2022_07.csproj", "{7471E08C-0FEE-4624-A1A5-89B2762C2006}"
EndProject
Project("{9A19103F-16F7-4668-BE54-9A1E7A4F7556}") = "AoC_2022_08", "2022\AoC_2022_08\AoC_2022_08.csproj", "{40D21D20-4152-4DF7-989E-33156946BFC8}"
EndProject
Project("{9A19103F-16F7-4668-BE54-9A1E7A4F7556}") = "AoC_2022_09", "2022\AoC_2022_09\AoC_2022_09.csproj", "{D6DF8B67-A227-492B-AE90-88A1716F7D73}"
EndProject
Project("{9A19103F-16F7-4668-BE54-9A1E7A4F7556}") = "AoC_2022_10", "2022\AoC_2022_10\AoC_2022_10.csproj", "{CE600A84-3E3F-42E2-BA27-382C06BC2589}"
EndProject
Project("{9A19103F-16F7-4668-BE54-9A1E7A4F7556}") = "AoC_2022_11", "2022\AoC_2022_11\AoC_2022_11.csproj", "{B8807AB7-5435-4DD4-8131-A7DC1344CFF3}"
EndProject
Project("{9A19103F-16F7-4668-BE54-9A1E7A4F7556}") = "AoC_2022_12", "2022\AoC_2022_12\AoC_2022_12.csproj", "{06B19DF2-2F08-4CC2-9D4E-886E2EFEF1F3}"
EndProject
Project("{2150E333-8FDC-42A3-9474-1A3956D46DE8}") = "2023", "2023", "{0862C7BB-38CA-4693-9F13-20E0A22C1849}"
EndProject
Project("{9A19103F-16F7-4668-BE54-9A1E7A4F7556}") = "AoC_2023_01", "2023\AoC_2023_01\AoC_2023_01.csproj", "{748B4906-2FBA-4375-B1B8-26836E9B2579}"
EndProject
Project("{9A19103F-16F7-4668-BE54-9A1E7A4F7556}") = "AoC_2023_02", "2023\AoC_2023_02\AoC_2023_02.csproj", "{05DCEDD1-3335-4592-8585-FB3D84604D5A}"
EndProject
Project("{9A19103F-16F7-4668-BE54-9A1E7A4F7556}") = "AoC_2023_03", "2023\AoC_2023_03\AoC_2023_03.csproj", "{53639F25-B428-472E-B4D6-0DF69A2BBF6C}"
EndProject
Project("{9A19103F-16F7-4668-BE54-9A1E7A4F7556}") = "AoC_2023_04", "2023\AoC_2023_04\AoC_2023_04.csproj", "{82DA4444-5328-447D-BFA0-24D4E81AF709}"
EndProject
Project("{9A19103F-16F7-4668-BE54-9A1E7A4F7556}") = "AoC_2023_05", "2023\AoC_2023_05\AoC_2023_05.csproj", "{BAD08BC3-AFB1-4EDA-B030-2D9334CB656A}"
EndProject
Project("{9A19103F-16F7-4668-BE54-9A1E7A4F7556}") = "AoC_2023_06", "2023\AoC_2023_06\AoC_2023_06.csproj", "{7AF430C3-D225-40FC-8E82-6AB23DD91088}"
EndProject
Project("{9A19103F-16F7-4668-BE54-9A1E7A4F7556}") = "AoC_2023_07", "2023\AoC_2023_07\AoC_2023_07.csproj", "{00A236D6-EB38-437C-8B2A-3A938CB21083}"
EndProject
Project("{9A19103F-16F7-4668-BE54-9A1E7A4F7556}") = "AoC_2023_08", "2023\AoC_2023_08\AoC_2023_08.csproj", "{9F765D0F-5680-448E-8468-2DC232827FC1}"
EndProject
Project("{9A19103F-16F7-4668-BE54-9A1E7A4F7556}") = "AoC_Common", "AoC_Common\AoC_Common.csproj", "{B175C051-8D4C-401C-802E-F6FB14453624}"
EndProject
Project("{9A19103F-16F7-4668-BE54-9A1E7A4F7556}") = "AoC_2023_09", "2023\AoC_2023_09\AoC_2023_09.csproj", "{15A18746-E1C8-420A-B7DB-64F9FE138198}"
EndProject
Project("{FAE04EC0-301F-11D3-BF4B-00C04F79EFBC}") = "AoC_2023_10", "2023\AoC_2023_10\AoC_2023_10.csproj", "{FE65A42F-690D-415C-8B17-7C2E45EE6C11}"
EndProject
Project("{FAE04EC0-301F-11D3-BF4B-00C04F79EFBC}") = "AoC_2023_11", "2023\AoC_2023_11\AoC_2023_11.csproj", "{64112717-6A9D-4D0B-BA4D-EB55E625CA81}"
EndProject
Global
	GlobalSection(SolutionConfigurationPlatforms) = preSolution
		Debug|Any CPU = Debug|Any CPU
		Release|Any CPU = Release|Any CPU
	EndGlobalSection
	GlobalSection(ProjectConfigurationPlatforms) = postSolution
		{A8F24AC2-71A9-4F81-A060-4CE72B44707E}.Debug|Any CPU.ActiveCfg = Debug|Any CPU
		{A8F24AC2-71A9-4F81-A060-4CE72B44707E}.Debug|Any CPU.Build.0 = Debug|Any CPU
		{A8F24AC2-71A9-4F81-A060-4CE72B44707E}.Release|Any CPU.ActiveCfg = Release|Any CPU
		{A8F24AC2-71A9-4F81-A060-4CE72B44707E}.Release|Any CPU.Build.0 = Release|Any CPU
		{6A246131-9963-46B8-9B50-D0D313EFEADD}.Debug|Any CPU.ActiveCfg = Debug|Any CPU
		{6A246131-9963-46B8-9B50-D0D313EFEADD}.Debug|Any CPU.Build.0 = Debug|Any CPU
		{6A246131-9963-46B8-9B50-D0D313EFEADD}.Release|Any CPU.ActiveCfg = Release|Any CPU
		{6A246131-9963-46B8-9B50-D0D313EFEADD}.Release|Any CPU.Build.0 = Release|Any CPU
		{6962F5A9-B81E-46A2-BE10-A5888E51D89E}.Debug|Any CPU.ActiveCfg = Debug|Any CPU
		{6962F5A9-B81E-46A2-BE10-A5888E51D89E}.Debug|Any CPU.Build.0 = Debug|Any CPU
		{6962F5A9-B81E-46A2-BE10-A5888E51D89E}.Release|Any CPU.ActiveCfg = Release|Any CPU
		{6962F5A9-B81E-46A2-BE10-A5888E51D89E}.Release|Any CPU.Build.0 = Release|Any CPU
		{5BA2B58E-759B-4147-B3FC-1B6886941C4B}.Debug|Any CPU.ActiveCfg = Debug|Any CPU
		{5BA2B58E-759B-4147-B3FC-1B6886941C4B}.Debug|Any CPU.Build.0 = Debug|Any CPU
		{5BA2B58E-759B-4147-B3FC-1B6886941C4B}.Release|Any CPU.ActiveCfg = Release|Any CPU
		{5BA2B58E-759B-4147-B3FC-1B6886941C4B}.Release|Any CPU.Build.0 = Release|Any CPU
		{BC9F3137-976D-41DC-835D-8A7839076F57}.Debug|Any CPU.ActiveCfg = Debug|Any CPU
		{BC9F3137-976D-41DC-835D-8A7839076F57}.Debug|Any CPU.Build.0 = Debug|Any CPU
		{BC9F3137-976D-41DC-835D-8A7839076F57}.Release|Any CPU.ActiveCfg = Release|Any CPU
		{BC9F3137-976D-41DC-835D-8A7839076F57}.Release|Any CPU.Build.0 = Release|Any CPU
		{5EFE0471-D753-4901-BA61-8EEE6ADA6BE4}.Debug|Any CPU.ActiveCfg = Debug|Any CPU
		{5EFE0471-D753-4901-BA61-8EEE6ADA6BE4}.Debug|Any CPU.Build.0 = Debug|Any CPU
		{5EFE0471-D753-4901-BA61-8EEE6ADA6BE4}.Release|Any CPU.ActiveCfg = Release|Any CPU
		{5EFE0471-D753-4901-BA61-8EEE6ADA6BE4}.Release|Any CPU.Build.0 = Release|Any CPU
		{AC5DF43C-D8F2-4C32-948F-182EF87086E8}.Debug|Any CPU.ActiveCfg = Debug|Any CPU
		{AC5DF43C-D8F2-4C32-948F-182EF87086E8}.Debug|Any CPU.Build.0 = Debug|Any CPU
		{AC5DF43C-D8F2-4C32-948F-182EF87086E8}.Release|Any CPU.ActiveCfg = Release|Any CPU
		{AC5DF43C-D8F2-4C32-948F-182EF87086E8}.Release|Any CPU.Build.0 = Release|Any CPU
		{DD33E7FE-68D7-4E0C-831D-5E621A475054}.Debug|Any CPU.ActiveCfg = Debug|Any CPU
		{DD33E7FE-68D7-4E0C-831D-5E621A475054}.Debug|Any CPU.Build.0 = Debug|Any CPU
		{DD33E7FE-68D7-4E0C-831D-5E621A475054}.Release|Any CPU.ActiveCfg = Release|Any CPU
		{DD33E7FE-68D7-4E0C-831D-5E621A475054}.Release|Any CPU.Build.0 = Release|Any CPU
		{652267F8-C421-41F3-BA5D-6D42E878698C}.Debug|Any CPU.ActiveCfg = Debug|Any CPU
		{652267F8-C421-41F3-BA5D-6D42E878698C}.Debug|Any CPU.Build.0 = Debug|Any CPU
		{652267F8-C421-41F3-BA5D-6D42E878698C}.Release|Any CPU.ActiveCfg = Release|Any CPU
		{652267F8-C421-41F3-BA5D-6D42E878698C}.Release|Any CPU.Build.0 = Release|Any CPU
		{3E395796-EA0D-44B8-88CF-4050E2CE7DA3}.Debug|Any CPU.ActiveCfg = Debug|Any CPU
		{3E395796-EA0D-44B8-88CF-4050E2CE7DA3}.Debug|Any CPU.Build.0 = Debug|Any CPU
		{3E395796-EA0D-44B8-88CF-4050E2CE7DA3}.Release|Any CPU.ActiveCfg = Release|Any CPU
		{3E395796-EA0D-44B8-88CF-4050E2CE7DA3}.Release|Any CPU.Build.0 = Release|Any CPU
		{4F9577AF-E96F-4F31-BAF5-7C421E11CD28}.Debug|Any CPU.ActiveCfg = Debug|Any CPU
		{4F9577AF-E96F-4F31-BAF5-7C421E11CD28}.Debug|Any CPU.Build.0 = Debug|Any CPU
		{4F9577AF-E96F-4F31-BAF5-7C421E11CD28}.Release|Any CPU.ActiveCfg = Release|Any CPU
		{4F9577AF-E96F-4F31-BAF5-7C421E11CD28}.Release|Any CPU.Build.0 = Release|Any CPU
		{0497390C-F755-459D-893C-C909D57B399B}.Debug|Any CPU.ActiveCfg = Debug|Any CPU
		{0497390C-F755-459D-893C-C909D57B399B}.Debug|Any CPU.Build.0 = Debug|Any CPU
		{0497390C-F755-459D-893C-C909D57B399B}.Release|Any CPU.ActiveCfg = Release|Any CPU
		{0497390C-F755-459D-893C-C909D57B399B}.Release|Any CPU.Build.0 = Release|Any CPU
		{5351F840-98CD-44AF-A6D5-299D380BBEF0}.Debug|Any CPU.ActiveCfg = Debug|Any CPU
		{5351F840-98CD-44AF-A6D5-299D380BBEF0}.Debug|Any CPU.Build.0 = Debug|Any CPU
		{5351F840-98CD-44AF-A6D5-299D380BBEF0}.Release|Any CPU.ActiveCfg = Release|Any CPU
		{5351F840-98CD-44AF-A6D5-299D380BBEF0}.Release|Any CPU.Build.0 = Release|Any CPU
		{6C7C17BC-E58A-4DA1-BE79-8E9F165A64F1}.Debug|Any CPU.ActiveCfg = Debug|Any CPU
		{6C7C17BC-E58A-4DA1-BE79-8E9F165A64F1}.Debug|Any CPU.Build.0 = Debug|Any CPU
		{6C7C17BC-E58A-4DA1-BE79-8E9F165A64F1}.Release|Any CPU.ActiveCfg = Release|Any CPU
		{6C7C17BC-E58A-4DA1-BE79-8E9F165A64F1}.Release|Any CPU.Build.0 = Release|Any CPU
		{C75C18D5-0288-4198-B7DE-E2DCBA08CCB7}.Debug|Any CPU.ActiveCfg = Debug|Any CPU
		{C75C18D5-0288-4198-B7DE-E2DCBA08CCB7}.Debug|Any CPU.Build.0 = Debug|Any CPU
		{C75C18D5-0288-4198-B7DE-E2DCBA08CCB7}.Release|Any CPU.ActiveCfg = Release|Any CPU
		{C75C18D5-0288-4198-B7DE-E2DCBA08CCB7}.Release|Any CPU.Build.0 = Release|Any CPU
		{5FFFEE56-F34A-423E-BB4F-B9FDDCF1DFCA}.Debug|Any CPU.ActiveCfg = Debug|Any CPU
		{5FFFEE56-F34A-423E-BB4F-B9FDDCF1DFCA}.Debug|Any CPU.Build.0 = Debug|Any CPU
		{5FFFEE56-F34A-423E-BB4F-B9FDDCF1DFCA}.Release|Any CPU.ActiveCfg = Release|Any CPU
		{5FFFEE56-F34A-423E-BB4F-B9FDDCF1DFCA}.Release|Any CPU.Build.0 = Release|Any CPU
		{507DE269-FC05-4FDB-9ED7-AA98503A1018}.Debug|Any CPU.ActiveCfg = Debug|Any CPU
		{507DE269-FC05-4FDB-9ED7-AA98503A1018}.Debug|Any CPU.Build.0 = Debug|Any CPU
		{507DE269-FC05-4FDB-9ED7-AA98503A1018}.Release|Any CPU.ActiveCfg = Release|Any CPU
		{507DE269-FC05-4FDB-9ED7-AA98503A1018}.Release|Any CPU.Build.0 = Release|Any CPU
		{799A61E4-B965-4286-80CD-C742438D8210}.Debug|Any CPU.ActiveCfg = Debug|Any CPU
		{799A61E4-B965-4286-80CD-C742438D8210}.Debug|Any CPU.Build.0 = Debug|Any CPU
		{799A61E4-B965-4286-80CD-C742438D8210}.Release|Any CPU.ActiveCfg = Release|Any CPU
		{799A61E4-B965-4286-80CD-C742438D8210}.Release|Any CPU.Build.0 = Release|Any CPU
		{A05CF8C1-0EF4-41A4-8E4A-1DC2921016E8}.Debug|Any CPU.ActiveCfg = Debug|Any CPU
		{A05CF8C1-0EF4-41A4-8E4A-1DC2921016E8}.Debug|Any CPU.Build.0 = Debug|Any CPU
		{A05CF8C1-0EF4-41A4-8E4A-1DC2921016E8}.Release|Any CPU.ActiveCfg = Release|Any CPU
		{A05CF8C1-0EF4-41A4-8E4A-1DC2921016E8}.Release|Any CPU.Build.0 = Release|Any CPU
		{A351DBD0-C944-4521-8590-3467937D5C48}.Debug|Any CPU.ActiveCfg = Debug|Any CPU
		{A351DBD0-C944-4521-8590-3467937D5C48}.Debug|Any CPU.Build.0 = Debug|Any CPU
		{A351DBD0-C944-4521-8590-3467937D5C48}.Release|Any CPU.ActiveCfg = Release|Any CPU
		{A351DBD0-C944-4521-8590-3467937D5C48}.Release|Any CPU.Build.0 = Release|Any CPU
		{97C82FD0-38A4-4CFB-B71D-90CF443DAD7F}.Debug|Any CPU.ActiveCfg = Debug|Any CPU
		{97C82FD0-38A4-4CFB-B71D-90CF443DAD7F}.Debug|Any CPU.Build.0 = Debug|Any CPU
		{97C82FD0-38A4-4CFB-B71D-90CF443DAD7F}.Release|Any CPU.ActiveCfg = Release|Any CPU
		{97C82FD0-38A4-4CFB-B71D-90CF443DAD7F}.Release|Any CPU.Build.0 = Release|Any CPU
		{6867AC4B-0D84-499F-822A-EC1AB4933D7D}.Debug|Any CPU.ActiveCfg = Debug|Any CPU
		{6867AC4B-0D84-499F-822A-EC1AB4933D7D}.Debug|Any CPU.Build.0 = Debug|Any CPU
		{6867AC4B-0D84-499F-822A-EC1AB4933D7D}.Release|Any CPU.ActiveCfg = Release|Any CPU
		{6867AC4B-0D84-499F-822A-EC1AB4933D7D}.Release|Any CPU.Build.0 = Release|Any CPU
		{F47304FC-1DB8-4668-B587-E8DDB89EB5A7}.Debug|Any CPU.ActiveCfg = Debug|Any CPU
		{F47304FC-1DB8-4668-B587-E8DDB89EB5A7}.Debug|Any CPU.Build.0 = Debug|Any CPU
		{F47304FC-1DB8-4668-B587-E8DDB89EB5A7}.Release|Any CPU.ActiveCfg = Release|Any CPU
		{F47304FC-1DB8-4668-B587-E8DDB89EB5A7}.Release|Any CPU.Build.0 = Release|Any CPU
		{8F13822D-AFCC-4ACA-86E1-2A9587E8AE15}.Debug|Any CPU.ActiveCfg = Debug|Any CPU
		{8F13822D-AFCC-4ACA-86E1-2A9587E8AE15}.Debug|Any CPU.Build.0 = Debug|Any CPU
		{8F13822D-AFCC-4ACA-86E1-2A9587E8AE15}.Release|Any CPU.ActiveCfg = Release|Any CPU
		{8F13822D-AFCC-4ACA-86E1-2A9587E8AE15}.Release|Any CPU.Build.0 = Release|Any CPU
		{6751307F-7ACF-4351-BC4B-154DA81B72BF}.Debug|Any CPU.ActiveCfg = Debug|Any CPU
		{6751307F-7ACF-4351-BC4B-154DA81B72BF}.Debug|Any CPU.Build.0 = Debug|Any CPU
		{6751307F-7ACF-4351-BC4B-154DA81B72BF}.Release|Any CPU.ActiveCfg = Release|Any CPU
		{6751307F-7ACF-4351-BC4B-154DA81B72BF}.Release|Any CPU.Build.0 = Release|Any CPU
		{351B3B2B-1279-4519-A914-1334C76E8C04}.Debug|Any CPU.ActiveCfg = Debug|Any CPU
		{351B3B2B-1279-4519-A914-1334C76E8C04}.Debug|Any CPU.Build.0 = Debug|Any CPU
		{351B3B2B-1279-4519-A914-1334C76E8C04}.Release|Any CPU.ActiveCfg = Release|Any CPU
		{351B3B2B-1279-4519-A914-1334C76E8C04}.Release|Any CPU.Build.0 = Release|Any CPU
		{42713823-044A-48B7-8101-91E623FD04D7}.Debug|Any CPU.ActiveCfg = Debug|Any CPU
		{42713823-044A-48B7-8101-91E623FD04D7}.Debug|Any CPU.Build.0 = Debug|Any CPU
		{42713823-044A-48B7-8101-91E623FD04D7}.Release|Any CPU.ActiveCfg = Release|Any CPU
		{42713823-044A-48B7-8101-91E623FD04D7}.Release|Any CPU.Build.0 = Release|Any CPU
		{198CDB2C-CBE8-4E32-B50B-047E57AB45AE}.Debug|Any CPU.ActiveCfg = Debug|Any CPU
		{198CDB2C-CBE8-4E32-B50B-047E57AB45AE}.Debug|Any CPU.Build.0 = Debug|Any CPU
		{198CDB2C-CBE8-4E32-B50B-047E57AB45AE}.Release|Any CPU.ActiveCfg = Release|Any CPU
		{198CDB2C-CBE8-4E32-B50B-047E57AB45AE}.Release|Any CPU.Build.0 = Release|Any CPU
		{2F46CAC4-A6D8-49D8-86FE-D0B202728410}.Debug|Any CPU.ActiveCfg = Debug|Any CPU
		{2F46CAC4-A6D8-49D8-86FE-D0B202728410}.Debug|Any CPU.Build.0 = Debug|Any CPU
		{2F46CAC4-A6D8-49D8-86FE-D0B202728410}.Release|Any CPU.ActiveCfg = Release|Any CPU
		{2F46CAC4-A6D8-49D8-86FE-D0B202728410}.Release|Any CPU.Build.0 = Release|Any CPU
		{EF36349C-1103-4F54-A0C2-7BFDD9F39A9E}.Debug|Any CPU.ActiveCfg = Debug|Any CPU
		{EF36349C-1103-4F54-A0C2-7BFDD9F39A9E}.Debug|Any CPU.Build.0 = Debug|Any CPU
		{EF36349C-1103-4F54-A0C2-7BFDD9F39A9E}.Release|Any CPU.ActiveCfg = Release|Any CPU
		{EF36349C-1103-4F54-A0C2-7BFDD9F39A9E}.Release|Any CPU.Build.0 = Release|Any CPU
		{8C039A91-452D-45FF-8572-BE8974D5FD35}.Debug|Any CPU.ActiveCfg = Debug|Any CPU
		{8C039A91-452D-45FF-8572-BE8974D5FD35}.Debug|Any CPU.Build.0 = Debug|Any CPU
		{8C039A91-452D-45FF-8572-BE8974D5FD35}.Release|Any CPU.ActiveCfg = Release|Any CPU
		{8C039A91-452D-45FF-8572-BE8974D5FD35}.Release|Any CPU.Build.0 = Release|Any CPU
		{B95C40C7-5ED5-4FD9-8028-120F2B9AEA67}.Debug|Any CPU.ActiveCfg = Debug|Any CPU
		{B95C40C7-5ED5-4FD9-8028-120F2B9AEA67}.Debug|Any CPU.Build.0 = Debug|Any CPU
		{B95C40C7-5ED5-4FD9-8028-120F2B9AEA67}.Release|Any CPU.ActiveCfg = Release|Any CPU
		{B95C40C7-5ED5-4FD9-8028-120F2B9AEA67}.Release|Any CPU.Build.0 = Release|Any CPU
		{BD7A355A-2578-4DC8-B073-7CBE4DE90409}.Debug|Any CPU.ActiveCfg = Debug|Any CPU
		{BD7A355A-2578-4DC8-B073-7CBE4DE90409}.Debug|Any CPU.Build.0 = Debug|Any CPU
		{BD7A355A-2578-4DC8-B073-7CBE4DE90409}.Release|Any CPU.ActiveCfg = Release|Any CPU
		{BD7A355A-2578-4DC8-B073-7CBE4DE90409}.Release|Any CPU.Build.0 = Release|Any CPU
		{59617A09-A17C-41F7-815D-908CD4E04EC1}.Debug|Any CPU.ActiveCfg = Debug|Any CPU
		{59617A09-A17C-41F7-815D-908CD4E04EC1}.Debug|Any CPU.Build.0 = Debug|Any CPU
		{59617A09-A17C-41F7-815D-908CD4E04EC1}.Release|Any CPU.ActiveCfg = Release|Any CPU
		{59617A09-A17C-41F7-815D-908CD4E04EC1}.Release|Any CPU.Build.0 = Release|Any CPU
		{13A7F185-1A7A-4D8B-8E3A-2D1600EBA406}.Debug|Any CPU.ActiveCfg = Debug|Any CPU
		{13A7F185-1A7A-4D8B-8E3A-2D1600EBA406}.Debug|Any CPU.Build.0 = Debug|Any CPU
		{13A7F185-1A7A-4D8B-8E3A-2D1600EBA406}.Release|Any CPU.ActiveCfg = Release|Any CPU
		{13A7F185-1A7A-4D8B-8E3A-2D1600EBA406}.Release|Any CPU.Build.0 = Release|Any CPU
		{A695B7F4-44D1-419F-9002-C24DCBB637EE}.Debug|Any CPU.ActiveCfg = Debug|Any CPU
		{A695B7F4-44D1-419F-9002-C24DCBB637EE}.Debug|Any CPU.Build.0 = Debug|Any CPU
		{A695B7F4-44D1-419F-9002-C24DCBB637EE}.Release|Any CPU.ActiveCfg = Release|Any CPU
		{A695B7F4-44D1-419F-9002-C24DCBB637EE}.Release|Any CPU.Build.0 = Release|Any CPU
		{0851BE3C-CF44-48A9-B7B2-C0F0258FBB66}.Debug|Any CPU.ActiveCfg = Debug|Any CPU
		{0851BE3C-CF44-48A9-B7B2-C0F0258FBB66}.Debug|Any CPU.Build.0 = Debug|Any CPU
		{0851BE3C-CF44-48A9-B7B2-C0F0258FBB66}.Release|Any CPU.ActiveCfg = Release|Any CPU
		{0851BE3C-CF44-48A9-B7B2-C0F0258FBB66}.Release|Any CPU.Build.0 = Release|Any CPU
		{74DEFE4C-76FB-4AED-80A8-9DEFEA8E9D08}.Debug|Any CPU.ActiveCfg = Debug|Any CPU
		{74DEFE4C-76FB-4AED-80A8-9DEFEA8E9D08}.Debug|Any CPU.Build.0 = Debug|Any CPU
		{74DEFE4C-76FB-4AED-80A8-9DEFEA8E9D08}.Release|Any CPU.ActiveCfg = Release|Any CPU
		{74DEFE4C-76FB-4AED-80A8-9DEFEA8E9D08}.Release|Any CPU.Build.0 = Release|Any CPU
		{8F6A0724-9CC4-47DF-8A07-A2FDDEB78896}.Debug|Any CPU.ActiveCfg = Debug|Any CPU
		{8F6A0724-9CC4-47DF-8A07-A2FDDEB78896}.Debug|Any CPU.Build.0 = Debug|Any CPU
		{8F6A0724-9CC4-47DF-8A07-A2FDDEB78896}.Release|Any CPU.ActiveCfg = Release|Any CPU
		{8F6A0724-9CC4-47DF-8A07-A2FDDEB78896}.Release|Any CPU.Build.0 = Release|Any CPU
		{3BF1A005-9269-476E-9990-CD540B2FE4C7}.Debug|Any CPU.ActiveCfg = Debug|Any CPU
		{3BF1A005-9269-476E-9990-CD540B2FE4C7}.Debug|Any CPU.Build.0 = Debug|Any CPU
		{3BF1A005-9269-476E-9990-CD540B2FE4C7}.Release|Any CPU.ActiveCfg = Release|Any CPU
		{3BF1A005-9269-476E-9990-CD540B2FE4C7}.Release|Any CPU.Build.0 = Release|Any CPU
		{DBBC3E7A-1567-4CC6-AFA8-921E2B18E1BE}.Debug|Any CPU.ActiveCfg = Debug|Any CPU
		{DBBC3E7A-1567-4CC6-AFA8-921E2B18E1BE}.Debug|Any CPU.Build.0 = Debug|Any CPU
		{DBBC3E7A-1567-4CC6-AFA8-921E2B18E1BE}.Release|Any CPU.ActiveCfg = Release|Any CPU
		{DBBC3E7A-1567-4CC6-AFA8-921E2B18E1BE}.Release|Any CPU.Build.0 = Release|Any CPU
		{75B09506-C8A3-48F3-8782-9A65D9A5880A}.Debug|Any CPU.ActiveCfg = Debug|Any CPU
		{75B09506-C8A3-48F3-8782-9A65D9A5880A}.Debug|Any CPU.Build.0 = Debug|Any CPU
		{75B09506-C8A3-48F3-8782-9A65D9A5880A}.Release|Any CPU.ActiveCfg = Release|Any CPU
		{75B09506-C8A3-48F3-8782-9A65D9A5880A}.Release|Any CPU.Build.0 = Release|Any CPU
		{47A7CAB2-1536-4FEB-9FBC-3084FF72FE88}.Debug|Any CPU.ActiveCfg = Debug|Any CPU
		{47A7CAB2-1536-4FEB-9FBC-3084FF72FE88}.Debug|Any CPU.Build.0 = Debug|Any CPU
		{47A7CAB2-1536-4FEB-9FBC-3084FF72FE88}.Release|Any CPU.ActiveCfg = Release|Any CPU
		{47A7CAB2-1536-4FEB-9FBC-3084FF72FE88}.Release|Any CPU.Build.0 = Release|Any CPU
		{2F8709D0-13F0-4496-B0C3-79E26FF7A984}.Debug|Any CPU.ActiveCfg = Debug|Any CPU
		{2F8709D0-13F0-4496-B0C3-79E26FF7A984}.Debug|Any CPU.Build.0 = Debug|Any CPU
		{2F8709D0-13F0-4496-B0C3-79E26FF7A984}.Release|Any CPU.ActiveCfg = Release|Any CPU
		{2F8709D0-13F0-4496-B0C3-79E26FF7A984}.Release|Any CPU.Build.0 = Release|Any CPU
		{2E8B63A2-FA4E-4C81-B24E-E2ECA13E3B33}.Debug|Any CPU.ActiveCfg = Debug|Any CPU
		{2E8B63A2-FA4E-4C81-B24E-E2ECA13E3B33}.Debug|Any CPU.Build.0 = Debug|Any CPU
		{2E8B63A2-FA4E-4C81-B24E-E2ECA13E3B33}.Release|Any CPU.ActiveCfg = Release|Any CPU
		{2E8B63A2-FA4E-4C81-B24E-E2ECA13E3B33}.Release|Any CPU.Build.0 = Release|Any CPU
		{9C11657B-98E6-4E6C-A9CF-308769E63B61}.Debug|Any CPU.ActiveCfg = Debug|Any CPU
		{9C11657B-98E6-4E6C-A9CF-308769E63B61}.Debug|Any CPU.Build.0 = Debug|Any CPU
		{9C11657B-98E6-4E6C-A9CF-308769E63B61}.Release|Any CPU.ActiveCfg = Release|Any CPU
		{9C11657B-98E6-4E6C-A9CF-308769E63B61}.Release|Any CPU.Build.0 = Release|Any CPU
		{79F40449-0AEA-403F-BD68-BFD12970BA66}.Debug|Any CPU.ActiveCfg = Debug|Any CPU
		{79F40449-0AEA-403F-BD68-BFD12970BA66}.Debug|Any CPU.Build.0 = Debug|Any CPU
		{79F40449-0AEA-403F-BD68-BFD12970BA66}.Release|Any CPU.ActiveCfg = Release|Any CPU
		{79F40449-0AEA-403F-BD68-BFD12970BA66}.Release|Any CPU.Build.0 = Release|Any CPU
		{919CCC38-9DA4-4438-B1E0-1C99AD60B7DC}.Debug|Any CPU.ActiveCfg = Debug|Any CPU
		{919CCC38-9DA4-4438-B1E0-1C99AD60B7DC}.Debug|Any CPU.Build.0 = Debug|Any CPU
		{919CCC38-9DA4-4438-B1E0-1C99AD60B7DC}.Release|Any CPU.ActiveCfg = Release|Any CPU
		{919CCC38-9DA4-4438-B1E0-1C99AD60B7DC}.Release|Any CPU.Build.0 = Release|Any CPU
		{67248327-C38A-4908-8BCC-C62EEB43FB4A}.Debug|Any CPU.ActiveCfg = Debug|Any CPU
		{67248327-C38A-4908-8BCC-C62EEB43FB4A}.Debug|Any CPU.Build.0 = Debug|Any CPU
		{67248327-C38A-4908-8BCC-C62EEB43FB4A}.Release|Any CPU.ActiveCfg = Release|Any CPU
		{67248327-C38A-4908-8BCC-C62EEB43FB4A}.Release|Any CPU.Build.0 = Release|Any CPU
		{491C242A-872A-405E-8FCC-7530310D2292}.Debug|Any CPU.ActiveCfg = Debug|Any CPU
		{491C242A-872A-405E-8FCC-7530310D2292}.Debug|Any CPU.Build.0 = Debug|Any CPU
		{491C242A-872A-405E-8FCC-7530310D2292}.Release|Any CPU.ActiveCfg = Release|Any CPU
		{491C242A-872A-405E-8FCC-7530310D2292}.Release|Any CPU.Build.0 = Release|Any CPU
		{B8F60674-6D4E-432C-B0AF-B835F3CFF276}.Debug|Any CPU.ActiveCfg = Debug|Any CPU
		{B8F60674-6D4E-432C-B0AF-B835F3CFF276}.Debug|Any CPU.Build.0 = Debug|Any CPU
		{B8F60674-6D4E-432C-B0AF-B835F3CFF276}.Release|Any CPU.ActiveCfg = Release|Any CPU
		{B8F60674-6D4E-432C-B0AF-B835F3CFF276}.Release|Any CPU.Build.0 = Release|Any CPU
		{E932E756-DCC1-4BDA-B59A-E97C6C4EE5AD}.Debug|Any CPU.ActiveCfg = Debug|Any CPU
		{E932E756-DCC1-4BDA-B59A-E97C6C4EE5AD}.Debug|Any CPU.Build.0 = Debug|Any CPU
		{E932E756-DCC1-4BDA-B59A-E97C6C4EE5AD}.Release|Any CPU.ActiveCfg = Release|Any CPU
		{E932E756-DCC1-4BDA-B59A-E97C6C4EE5AD}.Release|Any CPU.Build.0 = Release|Any CPU
		{4A10D6D6-E46E-4602-88D3-37B3D3F390EE}.Debug|Any CPU.ActiveCfg = Debug|Any CPU
		{4A10D6D6-E46E-4602-88D3-37B3D3F390EE}.Debug|Any CPU.Build.0 = Debug|Any CPU
		{4A10D6D6-E46E-4602-88D3-37B3D3F390EE}.Release|Any CPU.ActiveCfg = Release|Any CPU
		{4A10D6D6-E46E-4602-88D3-37B3D3F390EE}.Release|Any CPU.Build.0 = Release|Any CPU
		{63505746-7875-4F05-B1CA-A99F9A2E0FA8}.Debug|Any CPU.ActiveCfg = Debug|Any CPU
		{63505746-7875-4F05-B1CA-A99F9A2E0FA8}.Debug|Any CPU.Build.0 = Debug|Any CPU
		{63505746-7875-4F05-B1CA-A99F9A2E0FA8}.Release|Any CPU.ActiveCfg = Release|Any CPU
		{63505746-7875-4F05-B1CA-A99F9A2E0FA8}.Release|Any CPU.Build.0 = Release|Any CPU
		{4B27DA2E-D438-43A8-8CAE-ADE66030CB98}.Debug|Any CPU.ActiveCfg = Debug|Any CPU
		{4B27DA2E-D438-43A8-8CAE-ADE66030CB98}.Debug|Any CPU.Build.0 = Debug|Any CPU
		{4B27DA2E-D438-43A8-8CAE-ADE66030CB98}.Release|Any CPU.ActiveCfg = Release|Any CPU
		{4B27DA2E-D438-43A8-8CAE-ADE66030CB98}.Release|Any CPU.Build.0 = Release|Any CPU
		{400337FE-03C3-4C83-A063-BE23BCF50E7E}.Debug|Any CPU.ActiveCfg = Debug|Any CPU
		{400337FE-03C3-4C83-A063-BE23BCF50E7E}.Debug|Any CPU.Build.0 = Debug|Any CPU
		{400337FE-03C3-4C83-A063-BE23BCF50E7E}.Release|Any CPU.ActiveCfg = Release|Any CPU
		{400337FE-03C3-4C83-A063-BE23BCF50E7E}.Release|Any CPU.Build.0 = Release|Any CPU
		{57EBA0D2-AB22-4C6F-A6DA-D64EB948AA18}.Debug|Any CPU.ActiveCfg = Debug|Any CPU
		{57EBA0D2-AB22-4C6F-A6DA-D64EB948AA18}.Debug|Any CPU.Build.0 = Debug|Any CPU
		{57EBA0D2-AB22-4C6F-A6DA-D64EB948AA18}.Release|Any CPU.ActiveCfg = Release|Any CPU
		{57EBA0D2-AB22-4C6F-A6DA-D64EB948AA18}.Release|Any CPU.Build.0 = Release|Any CPU
		{CD13A7E7-653E-4EB5-BF71-4AA3326BCC31}.Debug|Any CPU.ActiveCfg = Debug|Any CPU
		{CD13A7E7-653E-4EB5-BF71-4AA3326BCC31}.Debug|Any CPU.Build.0 = Debug|Any CPU
		{CD13A7E7-653E-4EB5-BF71-4AA3326BCC31}.Release|Any CPU.ActiveCfg = Release|Any CPU
		{CD13A7E7-653E-4EB5-BF71-4AA3326BCC31}.Release|Any CPU.Build.0 = Release|Any CPU
		{A3458E2B-3DA2-4D68-B512-9678647CC421}.Debug|Any CPU.ActiveCfg = Debug|Any CPU
		{A3458E2B-3DA2-4D68-B512-9678647CC421}.Debug|Any CPU.Build.0 = Debug|Any CPU
		{A3458E2B-3DA2-4D68-B512-9678647CC421}.Release|Any CPU.ActiveCfg = Release|Any CPU
		{A3458E2B-3DA2-4D68-B512-9678647CC421}.Release|Any CPU.Build.0 = Release|Any CPU
		{1F3A1896-2481-4595-890C-25CC094C0EB7}.Debug|Any CPU.ActiveCfg = Debug|Any CPU
		{1F3A1896-2481-4595-890C-25CC094C0EB7}.Debug|Any CPU.Build.0 = Debug|Any CPU
		{1F3A1896-2481-4595-890C-25CC094C0EB7}.Release|Any CPU.ActiveCfg = Release|Any CPU
		{1F3A1896-2481-4595-890C-25CC094C0EB7}.Release|Any CPU.Build.0 = Release|Any CPU
		{56451D21-2BFF-480F-B34C-BE0B705E2856}.Debug|Any CPU.ActiveCfg = Debug|Any CPU
		{56451D21-2BFF-480F-B34C-BE0B705E2856}.Debug|Any CPU.Build.0 = Debug|Any CPU
		{56451D21-2BFF-480F-B34C-BE0B705E2856}.Release|Any CPU.ActiveCfg = Release|Any CPU
		{56451D21-2BFF-480F-B34C-BE0B705E2856}.Release|Any CPU.Build.0 = Release|Any CPU
		{0C96E75A-7041-451A-AFDC-4C555AD979B8}.Debug|Any CPU.ActiveCfg = Debug|Any CPU
		{0C96E75A-7041-451A-AFDC-4C555AD979B8}.Debug|Any CPU.Build.0 = Debug|Any CPU
		{0C96E75A-7041-451A-AFDC-4C555AD979B8}.Release|Any CPU.ActiveCfg = Release|Any CPU
		{0C96E75A-7041-451A-AFDC-4C555AD979B8}.Release|Any CPU.Build.0 = Release|Any CPU
		{7471E08C-0FEE-4624-A1A5-89B2762C2006}.Debug|Any CPU.ActiveCfg = Debug|Any CPU
		{7471E08C-0FEE-4624-A1A5-89B2762C2006}.Debug|Any CPU.Build.0 = Debug|Any CPU
		{7471E08C-0FEE-4624-A1A5-89B2762C2006}.Release|Any CPU.ActiveCfg = Release|Any CPU
		{7471E08C-0FEE-4624-A1A5-89B2762C2006}.Release|Any CPU.Build.0 = Release|Any CPU
		{40D21D20-4152-4DF7-989E-33156946BFC8}.Debug|Any CPU.ActiveCfg = Debug|Any CPU
		{40D21D20-4152-4DF7-989E-33156946BFC8}.Debug|Any CPU.Build.0 = Debug|Any CPU
		{40D21D20-4152-4DF7-989E-33156946BFC8}.Release|Any CPU.ActiveCfg = Release|Any CPU
		{40D21D20-4152-4DF7-989E-33156946BFC8}.Release|Any CPU.Build.0 = Release|Any CPU
		{D6DF8B67-A227-492B-AE90-88A1716F7D73}.Debug|Any CPU.ActiveCfg = Debug|Any CPU
		{D6DF8B67-A227-492B-AE90-88A1716F7D73}.Debug|Any CPU.Build.0 = Debug|Any CPU
		{D6DF8B67-A227-492B-AE90-88A1716F7D73}.Release|Any CPU.ActiveCfg = Release|Any CPU
		{D6DF8B67-A227-492B-AE90-88A1716F7D73}.Release|Any CPU.Build.0 = Release|Any CPU
		{CE600A84-3E3F-42E2-BA27-382C06BC2589}.Debug|Any CPU.ActiveCfg = Debug|Any CPU
		{CE600A84-3E3F-42E2-BA27-382C06BC2589}.Debug|Any CPU.Build.0 = Debug|Any CPU
		{CE600A84-3E3F-42E2-BA27-382C06BC2589}.Release|Any CPU.ActiveCfg = Release|Any CPU
		{CE600A84-3E3F-42E2-BA27-382C06BC2589}.Release|Any CPU.Build.0 = Release|Any CPU
		{B8807AB7-5435-4DD4-8131-A7DC1344CFF3}.Debug|Any CPU.ActiveCfg = Debug|Any CPU
		{B8807AB7-5435-4DD4-8131-A7DC1344CFF3}.Debug|Any CPU.Build.0 = Debug|Any CPU
		{B8807AB7-5435-4DD4-8131-A7DC1344CFF3}.Release|Any CPU.ActiveCfg = Release|Any CPU
		{B8807AB7-5435-4DD4-8131-A7DC1344CFF3}.Release|Any CPU.Build.0 = Release|Any CPU
		{06B19DF2-2F08-4CC2-9D4E-886E2EFEF1F3}.Debug|Any CPU.ActiveCfg = Debug|Any CPU
		{06B19DF2-2F08-4CC2-9D4E-886E2EFEF1F3}.Debug|Any CPU.Build.0 = Debug|Any CPU
		{06B19DF2-2F08-4CC2-9D4E-886E2EFEF1F3}.Release|Any CPU.ActiveCfg = Release|Any CPU
		{06B19DF2-2F08-4CC2-9D4E-886E2EFEF1F3}.Release|Any CPU.Build.0 = Release|Any CPU
		{748B4906-2FBA-4375-B1B8-26836E9B2579}.Debug|Any CPU.ActiveCfg = Debug|Any CPU
		{748B4906-2FBA-4375-B1B8-26836E9B2579}.Debug|Any CPU.Build.0 = Debug|Any CPU
		{748B4906-2FBA-4375-B1B8-26836E9B2579}.Release|Any CPU.ActiveCfg = Release|Any CPU
		{748B4906-2FBA-4375-B1B8-26836E9B2579}.Release|Any CPU.Build.0 = Release|Any CPU
		{05DCEDD1-3335-4592-8585-FB3D84604D5A}.Debug|Any CPU.ActiveCfg = Debug|Any CPU
		{05DCEDD1-3335-4592-8585-FB3D84604D5A}.Debug|Any CPU.Build.0 = Debug|Any CPU
		{05DCEDD1-3335-4592-8585-FB3D84604D5A}.Release|Any CPU.ActiveCfg = Release|Any CPU
		{05DCEDD1-3335-4592-8585-FB3D84604D5A}.Release|Any CPU.Build.0 = Release|Any CPU
		{53639F25-B428-472E-B4D6-0DF69A2BBF6C}.Debug|Any CPU.ActiveCfg = Debug|Any CPU
		{53639F25-B428-472E-B4D6-0DF69A2BBF6C}.Debug|Any CPU.Build.0 = Debug|Any CPU
		{53639F25-B428-472E-B4D6-0DF69A2BBF6C}.Release|Any CPU.ActiveCfg = Release|Any CPU
		{53639F25-B428-472E-B4D6-0DF69A2BBF6C}.Release|Any CPU.Build.0 = Release|Any CPU
		{82DA4444-5328-447D-BFA0-24D4E81AF709}.Debug|Any CPU.ActiveCfg = Debug|Any CPU
		{82DA4444-5328-447D-BFA0-24D4E81AF709}.Debug|Any CPU.Build.0 = Debug|Any CPU
		{82DA4444-5328-447D-BFA0-24D4E81AF709}.Release|Any CPU.ActiveCfg = Release|Any CPU
		{82DA4444-5328-447D-BFA0-24D4E81AF709}.Release|Any CPU.Build.0 = Release|Any CPU
		{BAD08BC3-AFB1-4EDA-B030-2D9334CB656A}.Debug|Any CPU.ActiveCfg = Debug|Any CPU
		{BAD08BC3-AFB1-4EDA-B030-2D9334CB656A}.Debug|Any CPU.Build.0 = Debug|Any CPU
		{BAD08BC3-AFB1-4EDA-B030-2D9334CB656A}.Release|Any CPU.ActiveCfg = Release|Any CPU
		{BAD08BC3-AFB1-4EDA-B030-2D9334CB656A}.Release|Any CPU.Build.0 = Release|Any CPU
		{7AF430C3-D225-40FC-8E82-6AB23DD91088}.Debug|Any CPU.ActiveCfg = Debug|Any CPU
		{7AF430C3-D225-40FC-8E82-6AB23DD91088}.Debug|Any CPU.Build.0 = Debug|Any CPU
		{7AF430C3-D225-40FC-8E82-6AB23DD91088}.Release|Any CPU.ActiveCfg = Release|Any CPU
		{7AF430C3-D225-40FC-8E82-6AB23DD91088}.Release|Any CPU.Build.0 = Release|Any CPU
		{00A236D6-EB38-437C-8B2A-3A938CB21083}.Debug|Any CPU.ActiveCfg = Debug|Any CPU
		{00A236D6-EB38-437C-8B2A-3A938CB21083}.Debug|Any CPU.Build.0 = Debug|Any CPU
		{00A236D6-EB38-437C-8B2A-3A938CB21083}.Release|Any CPU.ActiveCfg = Release|Any CPU
		{00A236D6-EB38-437C-8B2A-3A938CB21083}.Release|Any CPU.Build.0 = Release|Any CPU
		{9F765D0F-5680-448E-8468-2DC232827FC1}.Debug|Any CPU.ActiveCfg = Debug|Any CPU
		{9F765D0F-5680-448E-8468-2DC232827FC1}.Debug|Any CPU.Build.0 = Debug|Any CPU
		{9F765D0F-5680-448E-8468-2DC232827FC1}.Release|Any CPU.ActiveCfg = Release|Any CPU
		{9F765D0F-5680-448E-8468-2DC232827FC1}.Release|Any CPU.Build.0 = Release|Any CPU
		{B175C051-8D4C-401C-802E-F6FB14453624}.Debug|Any CPU.ActiveCfg = Debug|Any CPU
		{B175C051-8D4C-401C-802E-F6FB14453624}.Debug|Any CPU.Build.0 = Debug|Any CPU
		{B175C051-8D4C-401C-802E-F6FB14453624}.Release|Any CPU.ActiveCfg = Release|Any CPU
		{B175C051-8D4C-401C-802E-F6FB14453624}.Release|Any CPU.Build.0 = Release|Any CPU
		{15A18746-E1C8-420A-B7DB-64F9FE138198}.Debug|Any CPU.ActiveCfg = Debug|Any CPU
		{15A18746-E1C8-420A-B7DB-64F9FE138198}.Debug|Any CPU.Build.0 = Debug|Any CPU
		{15A18746-E1C8-420A-B7DB-64F9FE138198}.Release|Any CPU.ActiveCfg = Release|Any CPU
		{15A18746-E1C8-420A-B7DB-64F9FE138198}.Release|Any CPU.Build.0 = Release|Any CPU
		{FE65A42F-690D-415C-8B17-7C2E45EE6C11}.Debug|Any CPU.ActiveCfg = Debug|Any CPU
		{FE65A42F-690D-415C-8B17-7C2E45EE6C11}.Debug|Any CPU.Build.0 = Debug|Any CPU
		{FE65A42F-690D-415C-8B17-7C2E45EE6C11}.Release|Any CPU.ActiveCfg = Release|Any CPU
		{FE65A42F-690D-415C-8B17-7C2E45EE6C11}.Release|Any CPU.Build.0 = Release|Any CPU
		{64112717-6A9D-4D0B-BA4D-EB55E625CA81}.Debug|Any CPU.ActiveCfg = Debug|Any CPU
		{64112717-6A9D-4D0B-BA4D-EB55E625CA81}.Debug|Any CPU.Build.0 = Debug|Any CPU
		{64112717-6A9D-4D0B-BA4D-EB55E625CA81}.Release|Any CPU.ActiveCfg = Release|Any CPU
		{64112717-6A9D-4D0B-BA4D-EB55E625CA81}.Release|Any CPU.Build.0 = Release|Any CPU
	EndGlobalSection
	GlobalSection(SolutionProperties) = preSolution
		HideSolutionNode = FALSE
	EndGlobalSection
	GlobalSection(NestedProjects) = preSolution
		{A8F24AC2-71A9-4F81-A060-4CE72B44707E} = {542A6237-723A-4C3D-89C4-05DD7E9A3377}
		{6A246131-9963-46B8-9B50-D0D313EFEADD} = {542A6237-723A-4C3D-89C4-05DD7E9A3377}
		{6962F5A9-B81E-46A2-BE10-A5888E51D89E} = {542A6237-723A-4C3D-89C4-05DD7E9A3377}
		{5BA2B58E-759B-4147-B3FC-1B6886941C4B} = {542A6237-723A-4C3D-89C4-05DD7E9A3377}
		{BC9F3137-976D-41DC-835D-8A7839076F57} = {10E8D8E6-E9E8-4CC4-864E-B75D6417EB01}
		{5EFE0471-D753-4901-BA61-8EEE6ADA6BE4} = {10E8D8E6-E9E8-4CC4-864E-B75D6417EB01}
		{AC5DF43C-D8F2-4C32-948F-182EF87086E8} = {10E8D8E6-E9E8-4CC4-864E-B75D6417EB01}
		{DD33E7FE-68D7-4E0C-831D-5E621A475054} = {10E8D8E6-E9E8-4CC4-864E-B75D6417EB01}
		{652267F8-C421-41F3-BA5D-6D42E878698C} = {10E8D8E6-E9E8-4CC4-864E-B75D6417EB01}
		{3E395796-EA0D-44B8-88CF-4050E2CE7DA3} = {10E8D8E6-E9E8-4CC4-864E-B75D6417EB01}
		{4F9577AF-E96F-4F31-BAF5-7C421E11CD28} = {10E8D8E6-E9E8-4CC4-864E-B75D6417EB01}
		{0497390C-F755-459D-893C-C909D57B399B} = {10E8D8E6-E9E8-4CC4-864E-B75D6417EB01}
		{5351F840-98CD-44AF-A6D5-299D380BBEF0} = {10E8D8E6-E9E8-4CC4-864E-B75D6417EB01}
		{6C7C17BC-E58A-4DA1-BE79-8E9F165A64F1} = {10E8D8E6-E9E8-4CC4-864E-B75D6417EB01}
		{C75C18D5-0288-4198-B7DE-E2DCBA08CCB7} = {10E8D8E6-E9E8-4CC4-864E-B75D6417EB01}
		{5FFFEE56-F34A-423E-BB4F-B9FDDCF1DFCA} = {542A6237-723A-4C3D-89C4-05DD7E9A3377}
		{507DE269-FC05-4FDB-9ED7-AA98503A1018} = {542A6237-723A-4C3D-89C4-05DD7E9A3377}
		{799A61E4-B965-4286-80CD-C742438D8210} = {542A6237-723A-4C3D-89C4-05DD7E9A3377}
		{A05CF8C1-0EF4-41A4-8E4A-1DC2921016E8} = {10E8D8E6-E9E8-4CC4-864E-B75D6417EB01}
		{A351DBD0-C944-4521-8590-3467937D5C48} = {10E8D8E6-E9E8-4CC4-864E-B75D6417EB01}
		{97C82FD0-38A4-4CFB-B71D-90CF443DAD7F} = {10E8D8E6-E9E8-4CC4-864E-B75D6417EB01}
		{6867AC4B-0D84-499F-822A-EC1AB4933D7D} = {10E8D8E6-E9E8-4CC4-864E-B75D6417EB01}
		{F47304FC-1DB8-4668-B587-E8DDB89EB5A7} = {10E8D8E6-E9E8-4CC4-864E-B75D6417EB01}
		{8F13822D-AFCC-4ACA-86E1-2A9587E8AE15} = {10E8D8E6-E9E8-4CC4-864E-B75D6417EB01}
		{6751307F-7ACF-4351-BC4B-154DA81B72BF} = {10E8D8E6-E9E8-4CC4-864E-B75D6417EB01}
		{351B3B2B-1279-4519-A914-1334C76E8C04} = {10E8D8E6-E9E8-4CC4-864E-B75D6417EB01}
		{42713823-044A-48B7-8101-91E623FD04D7} = {10E8D8E6-E9E8-4CC4-864E-B75D6417EB01}
		{198CDB2C-CBE8-4E32-B50B-047E57AB45AE} = {10E8D8E6-E9E8-4CC4-864E-B75D6417EB01}
		{2F46CAC4-A6D8-49D8-86FE-D0B202728410} = {10E8D8E6-E9E8-4CC4-864E-B75D6417EB01}
		{EF36349C-1103-4F54-A0C2-7BFDD9F39A9E} = {10E8D8E6-E9E8-4CC4-864E-B75D6417EB01}
		{8C039A91-452D-45FF-8572-BE8974D5FD35} = {10E8D8E6-E9E8-4CC4-864E-B75D6417EB01}
		{B95C40C7-5ED5-4FD9-8028-120F2B9AEA67} = {10E8D8E6-E9E8-4CC4-864E-B75D6417EB01}
		{BD7A355A-2578-4DC8-B073-7CBE4DE90409} = {542A6237-723A-4C3D-89C4-05DD7E9A3377}
		{59617A09-A17C-41F7-815D-908CD4E04EC1} = {542A6237-723A-4C3D-89C4-05DD7E9A3377}
		{13A7F185-1A7A-4D8B-8E3A-2D1600EBA406} = {542A6237-723A-4C3D-89C4-05DD7E9A3377}
		{A695B7F4-44D1-419F-9002-C24DCBB637EE} = {542A6237-723A-4C3D-89C4-05DD7E9A3377}
		{0851BE3C-CF44-48A9-B7B2-C0F0258FBB66} = {542A6237-723A-4C3D-89C4-05DD7E9A3377}
		{74DEFE4C-76FB-4AED-80A8-9DEFEA8E9D08} = {542A6237-723A-4C3D-89C4-05DD7E9A3377}
		{8F6A0724-9CC4-47DF-8A07-A2FDDEB78896} = {542A6237-723A-4C3D-89C4-05DD7E9A3377}
		{3BF1A005-9269-476E-9990-CD540B2FE4C7} = {542A6237-723A-4C3D-89C4-05DD7E9A3377}
		{DBBC3E7A-1567-4CC6-AFA8-921E2B18E1BE} = {542A6237-723A-4C3D-89C4-05DD7E9A3377}
		{75B09506-C8A3-48F3-8782-9A65D9A5880A} = {542A6237-723A-4C3D-89C4-05DD7E9A3377}
		{47A7CAB2-1536-4FEB-9FBC-3084FF72FE88} = {542A6237-723A-4C3D-89C4-05DD7E9A3377}
		{2F8709D0-13F0-4496-B0C3-79E26FF7A984} = {542A6237-723A-4C3D-89C4-05DD7E9A3377}
		{2E8B63A2-FA4E-4C81-B24E-E2ECA13E3B33} = {542A6237-723A-4C3D-89C4-05DD7E9A3377}
		{9C11657B-98E6-4E6C-A9CF-308769E63B61} = {542A6237-723A-4C3D-89C4-05DD7E9A3377}
		{79F40449-0AEA-403F-BD68-BFD12970BA66} = {542A6237-723A-4C3D-89C4-05DD7E9A3377}
		{919CCC38-9DA4-4438-B1E0-1C99AD60B7DC} = {542A6237-723A-4C3D-89C4-05DD7E9A3377}
		{67248327-C38A-4908-8BCC-C62EEB43FB4A} = {542A6237-723A-4C3D-89C4-05DD7E9A3377}
		{491C242A-872A-405E-8FCC-7530310D2292} = {542A6237-723A-4C3D-89C4-05DD7E9A3377}
		{B8F60674-6D4E-432C-B0AF-B835F3CFF276} = {30D676AF-DC0C-45B8-BB24-7A60F4D8FBAE}
		{E932E756-DCC1-4BDA-B59A-E97C6C4EE5AD} = {30D676AF-DC0C-45B8-BB24-7A60F4D8FBAE}
		{4A10D6D6-E46E-4602-88D3-37B3D3F390EE} = {7DBD59EE-E903-4BF7-9FDE-4EADF65F8DBD}
		{63505746-7875-4F05-B1CA-A99F9A2E0FA8} = {7DBD59EE-E903-4BF7-9FDE-4EADF65F8DBD}
		{4B27DA2E-D438-43A8-8CAE-ADE66030CB98} = {7DBD59EE-E903-4BF7-9FDE-4EADF65F8DBD}
		{400337FE-03C3-4C83-A063-BE23BCF50E7E} = {42FBB2B4-2A72-4E7C-BC27-1F630F9E11A9}
		{57EBA0D2-AB22-4C6F-A6DA-D64EB948AA18} = {30D676AF-DC0C-45B8-BB24-7A60F4D8FBAE}
		{CD13A7E7-653E-4EB5-BF71-4AA3326BCC31} = {30D676AF-DC0C-45B8-BB24-7A60F4D8FBAE}
		{A3458E2B-3DA2-4D68-B512-9678647CC421} = {30D676AF-DC0C-45B8-BB24-7A60F4D8FBAE}
		{1F3A1896-2481-4595-890C-25CC094C0EB7} = {7DBD59EE-E903-4BF7-9FDE-4EADF65F8DBD}
		{56451D21-2BFF-480F-B34C-BE0B705E2856} = {7DBD59EE-E903-4BF7-9FDE-4EADF65F8DBD}
		{0C96E75A-7041-451A-AFDC-4C555AD979B8} = {7DBD59EE-E903-4BF7-9FDE-4EADF65F8DBD}
		{7471E08C-0FEE-4624-A1A5-89B2762C2006} = {7DBD59EE-E903-4BF7-9FDE-4EADF65F8DBD}
		{40D21D20-4152-4DF7-989E-33156946BFC8} = {7DBD59EE-E903-4BF7-9FDE-4EADF65F8DBD}
		{D6DF8B67-A227-492B-AE90-88A1716F7D73} = {7DBD59EE-E903-4BF7-9FDE-4EADF65F8DBD}
		{CE600A84-3E3F-42E2-BA27-382C06BC2589} = {7DBD59EE-E903-4BF7-9FDE-4EADF65F8DBD}
		{B8807AB7-5435-4DD4-8131-A7DC1344CFF3} = {7DBD59EE-E903-4BF7-9FDE-4EADF65F8DBD}
		{06B19DF2-2F08-4CC2-9D4E-886E2EFEF1F3} = {7DBD59EE-E903-4BF7-9FDE-4EADF65F8DBD}
		{748B4906-2FBA-4375-B1B8-26836E9B2579} = {0862C7BB-38CA-4693-9F13-20E0A22C1849}
		{05DCEDD1-3335-4592-8585-FB3D84604D5A} = {0862C7BB-38CA-4693-9F13-20E0A22C1849}
		{53639F25-B428-472E-B4D6-0DF69A2BBF6C} = {0862C7BB-38CA-4693-9F13-20E0A22C1849}
		{82DA4444-5328-447D-BFA0-24D4E81AF709} = {0862C7BB-38CA-4693-9F13-20E0A22C1849}
		{BAD08BC3-AFB1-4EDA-B030-2D9334CB656A} = {0862C7BB-38CA-4693-9F13-20E0A22C1849}
		{7AF430C3-D225-40FC-8E82-6AB23DD91088} = {0862C7BB-38CA-4693-9F13-20E0A22C1849}
		{00A236D6-EB38-437C-8B2A-3A938CB21083} = {0862C7BB-38CA-4693-9F13-20E0A22C1849}
		{9F765D0F-5680-448E-8468-2DC232827FC1} = {0862C7BB-38CA-4693-9F13-20E0A22C1849}
		{15A18746-E1C8-420A-B7DB-64F9FE138198} = {0862C7BB-38CA-4693-9F13-20E0A22C1849}
		{FE65A42F-690D-415C-8B17-7C2E45EE6C11} = {0862C7BB-38CA-4693-9F13-20E0A22C1849}
		{64112717-6A9D-4D0B-BA4D-EB55E625CA81} = {0862C7BB-38CA-4693-9F13-20E0A22C1849}
	EndGlobalSection
	GlobalSection(ExtensibilityGlobals) = postSolution
		SolutionGuid = {1B9A1944-C309-4D6C-B2BA-B041EDAC9D8E}
	EndGlobalSection
EndGlobal
